
Microsoft Visual Studio Solution File, Format Version 12.00
# Visual Studio Version 17
VisualStudioVersion = 17.5.002.0
MinimumVisualStudioVersion = 10.0.40219.1
Project("{9A19103F-16F7-4668-BE54-9A1E7A4F7556}") = "DotNetIsolated", "DotNetIsolated.csproj", "{B2DBA49D-9D25-46DB-8968-15D5E83B4060}"
EndProject
Global
	GlobalSection(SolutionConfigurationPlatforms) = preSolution
		Debug|Any CPU = Debug|Any CPU
		Release|Any CPU = Release|Any CPU
	EndGlobalSection
	GlobalSection(ProjectConfigurationPlatforms) = postSolution
		{B2DBA49D-9D25-46DB-8968-15D5E83B4060}.Debug|Any CPU.ActiveCfg = Debug|Any CPU
		{B2DBA49D-9D25-46DB-8968-15D5E83B4060}.Debug|Any CPU.Build.0 = Debug|Any CPU
		{B2DBA49D-9D25-46DB-8968-15D5E83B4060}.Release|Any CPU.ActiveCfg = Release|Any CPU
		{B2DBA49D-9D25-46DB-8968-15D5E83B4060}.Release|Any CPU.Build.0 = Release|Any CPU
	EndGlobalSection
	GlobalSection(SolutionProperties) = preSolution
		HideSolutionNode = FALSE
	EndGlobalSection
	GlobalSection(ExtensibilityGlobals) = postSolution
		SolutionGuid = {0954D7B4-582F-4F85-AE3E-5D503FB07DB1}
	EndGlobalSection
EndGlobal
