
Microsoft Visual Studio Solution File, Format Version 12.00
# Visual Studio Version 17
VisualStudioVersion = 17.0.31717.71
MinimumVisualStudioVersion = 10.0.40219.1
Project("{9A19103F-16F7-4668-BE54-9A1E7A4F7556}") = "WebJobs.Extensions.DurableTask", "src\WebJobs.Extensions.DurableTask\WebJobs.Extensions.DurableTask.csproj", "{51790AFE-5B8E-4795-9EA3-D2B15D04B5AC}"
EndProject
Project("{2150E333-8FDC-42A3-9474-1A3956D46DE8}") = "src", "src", "{7EC858EE-3481-4A82-AED4-CB00C34F42D0}"
EndProject
Project("{2150E333-8FDC-42A3-9474-1A3956D46DE8}") = "test", "test", "{78BCF152-C22C-408F-9FB1-0F8C99B154B5}"
EndProject
Project("{2150E333-8FDC-42A3-9474-1A3956D46DE8}") = ".nuget", ".nuget", "{51D8DCEA-EA91-410E-AA6A-F42473F0C691}"
	ProjectSection(SolutionItems) = preProject
		.nuget\NuGet.Config = .nuget\NuGet.Config
	EndProjectSection
EndProject
Project("{2150E333-8FDC-42A3-9474-1A3956D46DE8}") = "Solution Items", "Solution Items", "{9850DECF-CBA2-43E7-B5E2-55053DD308E9}"
	ProjectSection(SolutionItems) = preProject
		README.md = README.md
	EndProjectSection
EndProject
Project("{9A19103F-16F7-4668-BE54-9A1E7A4F7556}") = "VSSampleV1", "test\SmokeTests\SmokeTestsV1\VSSampleV1.csproj", "{78141F66-4DDD-4ABB-9DE3-D0B426FE8110}"
EndProject
Project("{2150E333-8FDC-42A3-9474-1A3956D46DE8}") = "SmokeTests", "SmokeTests", "{A8CF6993-258A-484A-AF6D-6CC88D36AF93}"
EndProject
Project("{9A19103F-16F7-4668-BE54-9A1E7A4F7556}") = "VSSampleV2", "test\SmokeTests\SmokeTestsV2\VSSampleV2.csproj", "{E997024B-633E-4252-880B-E2A726E1B4A4}"
EndProject
Project("{9A19103F-16F7-4668-BE54-9A1E7A4F7556}") = "VSSampleV3", "test\SmokeTests\SmokeTestsV3\VSSampleV3.csproj", "{F1611EF4-457B-47CB-94E9-B611EE488984}"
EndProject
Project("{2150E333-8FDC-42A3-9474-1A3956D46DE8}") = "JavaScript", "JavaScript", "{7B2EDAEC-CFD0-404A-8E52-133FFF595C2F}"
EndProject
Project("{9A19103F-16F7-4668-BE54-9A1E7A4F7556}") = "extensions", "test\SmokeTests\OOProcSmokeTests\durableJS\extensions.csproj", "{9BA6093A-F71A-49F9-A159-B98ACBE41636}"
EndProject
Project("{2150E333-8FDC-42A3-9474-1A3956D46DE8}") = "Python", "Python", "{FA53EBC4-8265-4063-B9F8-0D5EA0366B90}"
EndProject
Project("{9A19103F-16F7-4668-BE54-9A1E7A4F7556}") = "extensions", "test\SmokeTests\OOProcSmokeTests\durablePy\extensions.csproj", "{CB481383-8B54-4FCB-8DCB-F348E08C2A9C}"
EndProject
Project("{9A19103F-16F7-4668-BE54-9A1E7A4F7556}") = "DurableFunctions.Tests.Common", "test\DurableFunctions.Tests.Common\DurableFunctions.Tests.Common.csproj", "{B7912166-0607-4C1E-BC35-CC072194EB60}"
EndProject
Project("{9A19103F-16F7-4668-BE54-9A1E7A4F7556}") = "DurableFunctions.NetheriteEndToEnd", "DurableFunctions.NetheriteEndToEnd\DurableFunctions.NetheriteEndToEnd.csproj", "{948D8BC7-50A1-4EBD-B226-80BA3B673A5C}"
EndProject
Project("{9A19103F-16F7-4668-BE54-9A1E7A4F7556}") = "DurableFunctions.SqlServerEndToEnd", "test\DurableFunctions.SqlServerEndToEnd\DurableFunctions.SqlServerEndToEnd.csproj", "{276CD2BF-E34B-41B3-B8E5-D8C6952678FB}"
EndProject
Project("{9A19103F-16F7-4668-BE54-9A1E7A4F7556}") = "DurableFunctions.AzureStorageEndToEnd.Common", "test\DurableFunctions.AzureStorage.Common\DurableFunctions.AzureStorageEndToEnd.Common.csproj", "{D1E5DBFB-27C4-4A8B-A581-6BF9430C7CCB}"
EndProject
Project("{9A19103F-16F7-4668-BE54-9A1E7A4F7556}") = "DurableFunctions.AzureStorageEndToEnd.FunctionsV3AndGreater", "test\DurableFunctions.AzureStorage.FunctionsV3OrGreater\DurableFunctions.AzureStorageEndToEnd.FunctionsV3AndGreater.csproj", "{211CDAE4-EA9A-4793-9EA2-AE87B9E5100D}"
EndProject
Global
	GlobalSection(SolutionConfigurationPlatforms) = preSolution
		Debug|Any CPU = Debug|Any CPU
		Debug|x64 = Debug|x64
		Release|Any CPU = Release|Any CPU
		Release|x64 = Release|x64
	EndGlobalSection
	GlobalSection(ProjectConfigurationPlatforms) = postSolution
		{51790AFE-5B8E-4795-9EA3-D2B15D04B5AC}.Debug|Any CPU.ActiveCfg = Debug|Any CPU
		{51790AFE-5B8E-4795-9EA3-D2B15D04B5AC}.Debug|Any CPU.Build.0 = Debug|Any CPU
		{51790AFE-5B8E-4795-9EA3-D2B15D04B5AC}.Debug|x64.ActiveCfg = Debug|Any CPU
		{51790AFE-5B8E-4795-9EA3-D2B15D04B5AC}.Debug|x64.Build.0 = Debug|Any CPU
		{51790AFE-5B8E-4795-9EA3-D2B15D04B5AC}.Release|Any CPU.ActiveCfg = Release|Any CPU
		{51790AFE-5B8E-4795-9EA3-D2B15D04B5AC}.Release|Any CPU.Build.0 = Release|Any CPU
		{51790AFE-5B8E-4795-9EA3-D2B15D04B5AC}.Release|x64.ActiveCfg = Release|Any CPU
		{51790AFE-5B8E-4795-9EA3-D2B15D04B5AC}.Release|x64.Build.0 = Release|Any CPU
		{78141F66-4DDD-4ABB-9DE3-D0B426FE8110}.Debug|Any CPU.ActiveCfg = Debug|Any CPU
		{78141F66-4DDD-4ABB-9DE3-D0B426FE8110}.Debug|Any CPU.Build.0 = Debug|Any CPU
		{78141F66-4DDD-4ABB-9DE3-D0B426FE8110}.Debug|x64.ActiveCfg = Debug|Any CPU
		{78141F66-4DDD-4ABB-9DE3-D0B426FE8110}.Debug|x64.Build.0 = Debug|Any CPU
		{78141F66-4DDD-4ABB-9DE3-D0B426FE8110}.Release|Any CPU.ActiveCfg = Release|Any CPU
		{78141F66-4DDD-4ABB-9DE3-D0B426FE8110}.Release|Any CPU.Build.0 = Release|Any CPU
		{78141F66-4DDD-4ABB-9DE3-D0B426FE8110}.Release|x64.ActiveCfg = Release|Any CPU
		{78141F66-4DDD-4ABB-9DE3-D0B426FE8110}.Release|x64.Build.0 = Release|Any CPU
		{E997024B-633E-4252-880B-E2A726E1B4A4}.Debug|Any CPU.ActiveCfg = Debug|Any CPU
		{E997024B-633E-4252-880B-E2A726E1B4A4}.Debug|Any CPU.Build.0 = Debug|Any CPU
		{E997024B-633E-4252-880B-E2A726E1B4A4}.Debug|x64.ActiveCfg = Debug|Any CPU
		{E997024B-633E-4252-880B-E2A726E1B4A4}.Debug|x64.Build.0 = Debug|Any CPU
		{E997024B-633E-4252-880B-E2A726E1B4A4}.Release|Any CPU.ActiveCfg = Release|Any CPU
		{E997024B-633E-4252-880B-E2A726E1B4A4}.Release|Any CPU.Build.0 = Release|Any CPU
		{E997024B-633E-4252-880B-E2A726E1B4A4}.Release|x64.ActiveCfg = Release|Any CPU
		{E997024B-633E-4252-880B-E2A726E1B4A4}.Release|x64.Build.0 = Release|Any CPU
		{F1611EF4-457B-47CB-94E9-B611EE488984}.Debug|Any CPU.ActiveCfg = Debug|Any CPU
		{F1611EF4-457B-47CB-94E9-B611EE488984}.Debug|Any CPU.Build.0 = Debug|Any CPU
		{F1611EF4-457B-47CB-94E9-B611EE488984}.Debug|x64.ActiveCfg = Debug|Any CPU
		{F1611EF4-457B-47CB-94E9-B611EE488984}.Debug|x64.Build.0 = Debug|Any CPU
		{F1611EF4-457B-47CB-94E9-B611EE488984}.Release|Any CPU.ActiveCfg = Release|Any CPU
		{F1611EF4-457B-47CB-94E9-B611EE488984}.Release|Any CPU.Build.0 = Release|Any CPU
		{F1611EF4-457B-47CB-94E9-B611EE488984}.Release|x64.ActiveCfg = Release|Any CPU
		{F1611EF4-457B-47CB-94E9-B611EE488984}.Release|x64.Build.0 = Release|Any CPU
		{9BA6093A-F71A-49F9-A159-B98ACBE41636}.Debug|Any CPU.ActiveCfg = Debug|Any CPU
		{9BA6093A-F71A-49F9-A159-B98ACBE41636}.Debug|Any CPU.Build.0 = Debug|Any CPU
		{9BA6093A-F71A-49F9-A159-B98ACBE41636}.Debug|x64.ActiveCfg = Debug|Any CPU
		{9BA6093A-F71A-49F9-A159-B98ACBE41636}.Debug|x64.Build.0 = Debug|Any CPU
		{9BA6093A-F71A-49F9-A159-B98ACBE41636}.Release|Any CPU.ActiveCfg = Release|Any CPU
		{9BA6093A-F71A-49F9-A159-B98ACBE41636}.Release|Any CPU.Build.0 = Release|Any CPU
		{9BA6093A-F71A-49F9-A159-B98ACBE41636}.Release|x64.ActiveCfg = Release|Any CPU
		{9BA6093A-F71A-49F9-A159-B98ACBE41636}.Release|x64.Build.0 = Release|Any CPU
		{CB481383-8B54-4FCB-8DCB-F348E08C2A9C}.Debug|Any CPU.ActiveCfg = Debug|Any CPU
		{CB481383-8B54-4FCB-8DCB-F348E08C2A9C}.Debug|Any CPU.Build.0 = Debug|Any CPU
		{CB481383-8B54-4FCB-8DCB-F348E08C2A9C}.Debug|x64.ActiveCfg = Debug|Any CPU
		{CB481383-8B54-4FCB-8DCB-F348E08C2A9C}.Debug|x64.Build.0 = Debug|Any CPU
		{CB481383-8B54-4FCB-8DCB-F348E08C2A9C}.Release|Any CPU.ActiveCfg = Release|Any CPU
		{CB481383-8B54-4FCB-8DCB-F348E08C2A9C}.Release|Any CPU.Build.0 = Release|Any CPU
		{CB481383-8B54-4FCB-8DCB-F348E08C2A9C}.Release|x64.ActiveCfg = Release|Any CPU
		{CB481383-8B54-4FCB-8DCB-F348E08C2A9C}.Release|x64.Build.0 = Release|Any CPU
		{B7912166-0607-4C1E-BC35-CC072194EB60}.Debug|Any CPU.ActiveCfg = Debug|Any CPU
		{B7912166-0607-4C1E-BC35-CC072194EB60}.Debug|Any CPU.Build.0 = Debug|Any CPU
		{B7912166-0607-4C1E-BC35-CC072194EB60}.Debug|x64.ActiveCfg = Debug|Any CPU
		{B7912166-0607-4C1E-BC35-CC072194EB60}.Debug|x64.Build.0 = Debug|Any CPU
		{B7912166-0607-4C1E-BC35-CC072194EB60}.Release|Any CPU.ActiveCfg = Release|Any CPU
		{B7912166-0607-4C1E-BC35-CC072194EB60}.Release|Any CPU.Build.0 = Release|Any CPU
		{B7912166-0607-4C1E-BC35-CC072194EB60}.Release|x64.ActiveCfg = Release|Any CPU
		{B7912166-0607-4C1E-BC35-CC072194EB60}.Release|x64.Build.0 = Release|Any CPU
		{948D8BC7-50A1-4EBD-B226-80BA3B673A5C}.Debug|Any CPU.ActiveCfg = Debug|Any CPU
		{948D8BC7-50A1-4EBD-B226-80BA3B673A5C}.Debug|Any CPU.Build.0 = Debug|Any CPU
		{948D8BC7-50A1-4EBD-B226-80BA3B673A5C}.Debug|x64.ActiveCfg = Debug|x64
		{948D8BC7-50A1-4EBD-B226-80BA3B673A5C}.Debug|x64.Build.0 = Debug|x64
		{948D8BC7-50A1-4EBD-B226-80BA3B673A5C}.Release|Any CPU.ActiveCfg = Release|Any CPU
		{948D8BC7-50A1-4EBD-B226-80BA3B673A5C}.Release|Any CPU.Build.0 = Release|Any CPU
		{948D8BC7-50A1-4EBD-B226-80BA3B673A5C}.Release|x64.ActiveCfg = Release|x64
		{948D8BC7-50A1-4EBD-B226-80BA3B673A5C}.Release|x64.Build.0 = Release|x64
		{276CD2BF-E34B-41B3-B8E5-D8C6952678FB}.Debug|Any CPU.ActiveCfg = Debug|Any CPU
		{276CD2BF-E34B-41B3-B8E5-D8C6952678FB}.Debug|Any CPU.Build.0 = Debug|Any CPU
		{276CD2BF-E34B-41B3-B8E5-D8C6952678FB}.Debug|x64.ActiveCfg = Debug|Any CPU
		{276CD2BF-E34B-41B3-B8E5-D8C6952678FB}.Debug|x64.Build.0 = Debug|Any CPU
		{276CD2BF-E34B-41B3-B8E5-D8C6952678FB}.Release|Any CPU.ActiveCfg = Release|Any CPU
		{276CD2BF-E34B-41B3-B8E5-D8C6952678FB}.Release|Any CPU.Build.0 = Release|Any CPU
		{276CD2BF-E34B-41B3-B8E5-D8C6952678FB}.Release|x64.ActiveCfg = Release|Any CPU
		{276CD2BF-E34B-41B3-B8E5-D8C6952678FB}.Release|x64.Build.0 = Release|Any CPU
		{D1E5DBFB-27C4-4A8B-A581-6BF9430C7CCB}.Debug|Any CPU.ActiveCfg = Debug|Any CPU
		{D1E5DBFB-27C4-4A8B-A581-6BF9430C7CCB}.Debug|Any CPU.Build.0 = Debug|Any CPU
		{D1E5DBFB-27C4-4A8B-A581-6BF9430C7CCB}.Debug|x64.ActiveCfg = Debug|Any CPU
		{D1E5DBFB-27C4-4A8B-A581-6BF9430C7CCB}.Debug|x64.Build.0 = Debug|Any CPU
		{D1E5DBFB-27C4-4A8B-A581-6BF9430C7CCB}.Release|Any CPU.ActiveCfg = Release|Any CPU
		{D1E5DBFB-27C4-4A8B-A581-6BF9430C7CCB}.Release|Any CPU.Build.0 = Release|Any CPU
		{D1E5DBFB-27C4-4A8B-A581-6BF9430C7CCB}.Release|x64.ActiveCfg = Release|Any CPU
		{D1E5DBFB-27C4-4A8B-A581-6BF9430C7CCB}.Release|x64.Build.0 = Release|Any CPU
		{211CDAE4-EA9A-4793-9EA2-AE87B9E5100D}.Debug|Any CPU.ActiveCfg = Debug|Any CPU
		{211CDAE4-EA9A-4793-9EA2-AE87B9E5100D}.Debug|Any CPU.Build.0 = Debug|Any CPU
		{211CDAE4-EA9A-4793-9EA2-AE87B9E5100D}.Debug|x64.ActiveCfg = Debug|Any CPU
		{211CDAE4-EA9A-4793-9EA2-AE87B9E5100D}.Debug|x64.Build.0 = Debug|Any CPU
		{211CDAE4-EA9A-4793-9EA2-AE87B9E5100D}.Release|Any CPU.ActiveCfg = Release|Any CPU
		{211CDAE4-EA9A-4793-9EA2-AE87B9E5100D}.Release|Any CPU.Build.0 = Release|Any CPU
		{211CDAE4-EA9A-4793-9EA2-AE87B9E5100D}.Release|x64.ActiveCfg = Release|Any CPU
		{211CDAE4-EA9A-4793-9EA2-AE87B9E5100D}.Release|x64.Build.0 = Release|Any CPU
	EndGlobalSection
	GlobalSection(SolutionProperties) = preSolution
		HideSolutionNode = FALSE
	EndGlobalSection
	GlobalSection(NestedProjects) = preSolution
		{51790AFE-5B8E-4795-9EA3-D2B15D04B5AC} = {7EC858EE-3481-4A82-AED4-CB00C34F42D0}
		{78141F66-4DDD-4ABB-9DE3-D0B426FE8110} = {A8CF6993-258A-484A-AF6D-6CC88D36AF93}
		{A8CF6993-258A-484A-AF6D-6CC88D36AF93} = {78BCF152-C22C-408F-9FB1-0F8C99B154B5}
		{E997024B-633E-4252-880B-E2A726E1B4A4} = {A8CF6993-258A-484A-AF6D-6CC88D36AF93}
		{F1611EF4-457B-47CB-94E9-B611EE488984} = {A8CF6993-258A-484A-AF6D-6CC88D36AF93}
		{7B2EDAEC-CFD0-404A-8E52-133FFF595C2F} = {A8CF6993-258A-484A-AF6D-6CC88D36AF93}
		{9BA6093A-F71A-49F9-A159-B98ACBE41636} = {7B2EDAEC-CFD0-404A-8E52-133FFF595C2F}
		{FA53EBC4-8265-4063-B9F8-0D5EA0366B90} = {A8CF6993-258A-484A-AF6D-6CC88D36AF93}
		{CB481383-8B54-4FCB-8DCB-F348E08C2A9C} = {FA53EBC4-8265-4063-B9F8-0D5EA0366B90}
		{B7912166-0607-4C1E-BC35-CC072194EB60} = {78BCF152-C22C-408F-9FB1-0F8C99B154B5}
		{948D8BC7-50A1-4EBD-B226-80BA3B673A5C} = {78BCF152-C22C-408F-9FB1-0F8C99B154B5}
		{276CD2BF-E34B-41B3-B8E5-D8C6952678FB} = {78BCF152-C22C-408F-9FB1-0F8C99B154B5}
		{D1E5DBFB-27C4-4A8B-A581-6BF9430C7CCB} = {78BCF152-C22C-408F-9FB1-0F8C99B154B5}
		{211CDAE4-EA9A-4793-9EA2-AE87B9E5100D} = {78BCF152-C22C-408F-9FB1-0F8C99B154B5}
	EndGlobalSection
	GlobalSection(ExtensibilityGlobals) = postSolution
		SolutionGuid = {5E9AC327-DE18-41A5-A55D-E44CB4281943}
	EndGlobalSection
EndGlobal
