
Microsoft Visual Studio Solution File, Format Version 12.00
# Visual Studio Version 16
VisualStudioVersion = 16.0.29418.71
MinimumVisualStudioVersion = 10.0.40219.1
Project("{9A19103F-16F7-4668-BE54-9A1E7A4F7556}") = "WebJobs.Extensions.DurableTask", "src\WebJobs.Extensions.DurableTask\WebJobs.Extensions.DurableTask.csproj", "{51790AFE-5B8E-4795-9EA3-D2B15D04B5AC}"
EndProject
Project("{2150E333-8FDC-42A3-9474-1A3956D46DE8}") = "src", "src", "{7EC858EE-3481-4A82-AED4-CB00C34F42D0}"
EndProject
Project("{2150E333-8FDC-42A3-9474-1A3956D46DE8}") = "test", "test", "{78BCF152-C22C-408F-9FB1-0F8C99B154B5}"
EndProject
Project("{2150E333-8FDC-42A3-9474-1A3956D46DE8}") = ".nuget", ".nuget", "{51D8DCEA-EA91-410E-AA6A-F42473F0C691}"
	ProjectSection(SolutionItems) = preProject
		.nuget\NuGet.Config = .nuget\NuGet.Config
	EndProjectSection
EndProject
Project("{9A19103F-16F7-4668-BE54-9A1E7A4F7556}") = "WebJobs.Extensions.DurableTask.Tests.V2", "test\FunctionsV2\WebJobs.Extensions.DurableTask.Tests.V2.csproj", "{F2A5DABB-36D4-4152-AF49-2570149899E1}"
EndProject
Project("{9A19103F-16F7-4668-BE54-9A1E7A4F7556}") = "WebJobs.Extensions.DurableTask.Tests.V1", "test\FunctionsV1\WebJobs.Extensions.DurableTask.Tests.V1.csproj", "{F99CA746-553C-43B4-943B-59A5D190459A}"
EndProject
Project("{2150E333-8FDC-42A3-9474-1A3956D46DE8}") = "Solution Items", "Solution Items", "{9850DECF-CBA2-43E7-B5E2-55053DD308E9}"
	ProjectSection(SolutionItems) = preProject
		README.md = README.md
	EndProjectSection
EndProject
Project("{9A19103F-16F7-4668-BE54-9A1E7A4F7556}") = "VSSampleV1", "test\SmokeTests\SmokeTestsV1\VSSampleV1.csproj", "{78141F66-4DDD-4ABB-9DE3-D0B426FE8110}"
EndProject
Project("{2150E333-8FDC-42A3-9474-1A3956D46DE8}") = "SmokeTests", "SmokeTests", "{A8CF6993-258A-484A-AF6D-6CC88D36AF93}"
EndProject
Project("{9A19103F-16F7-4668-BE54-9A1E7A4F7556}") = "VSSampleV2", "test\SmokeTests\SmokeTestsV2\VSSampleV2.csproj", "{E997024B-633E-4252-880B-E2A726E1B4A4}"
EndProject
Project("{9A19103F-16F7-4668-BE54-9A1E7A4F7556}") = "VSSampleV3", "test\SmokeTests\SmokeTestsV3\VSSampleV3.csproj", "{F1611EF4-457B-47CB-94E9-B611EE488984}"
EndProject
Project("{2150E333-8FDC-42A3-9474-1A3956D46DE8}") = "JavaScript", "JavaScript", "{7B2EDAEC-CFD0-404A-8E52-133FFF595C2F}"
EndProject
Project("{9A19103F-16F7-4668-BE54-9A1E7A4F7556}") = "extensions", "test\SmokeTests\OOProcSmokeTests\durableJS\extensions.csproj", "{9BA6093A-F71A-49F9-A159-B98ACBE41636}"
EndProject
Project("{2150E333-8FDC-42A3-9474-1A3956D46DE8}") = "Python", "Python", "{FA53EBC4-8265-4063-B9F8-0D5EA0366B90}"
EndProject
Project("{9A19103F-16F7-4668-BE54-9A1E7A4F7556}") = "extensions", "test\SmokeTests\OOProcSmokeTests\durablePy\extensions.csproj", "{CB481383-8B54-4FCB-8DCB-F348E08C2A9C}"
EndProject
Global
	GlobalSection(SolutionConfigurationPlatforms) = preSolution
		Debug|Any CPU = Debug|Any CPU
		Release|Any CPU = Release|Any CPU
	EndGlobalSection
	GlobalSection(ProjectConfigurationPlatforms) = postSolution
		{51790AFE-5B8E-4795-9EA3-D2B15D04B5AC}.Debug|Any CPU.ActiveCfg = Debug|Any CPU
		{51790AFE-5B8E-4795-9EA3-D2B15D04B5AC}.Debug|Any CPU.Build.0 = Debug|Any CPU
		{51790AFE-5B8E-4795-9EA3-D2B15D04B5AC}.Release|Any CPU.ActiveCfg = Release|Any CPU
		{51790AFE-5B8E-4795-9EA3-D2B15D04B5AC}.Release|Any CPU.Build.0 = Release|Any CPU
		{F2A5DABB-36D4-4152-AF49-2570149899E1}.Debug|Any CPU.ActiveCfg = Debug|Any CPU
		{F2A5DABB-36D4-4152-AF49-2570149899E1}.Debug|Any CPU.Build.0 = Debug|Any CPU
		{F2A5DABB-36D4-4152-AF49-2570149899E1}.Release|Any CPU.ActiveCfg = Release|Any CPU
		{F2A5DABB-36D4-4152-AF49-2570149899E1}.Release|Any CPU.Build.0 = Release|Any CPU
		{F99CA746-553C-43B4-943B-59A5D190459A}.Debug|Any CPU.ActiveCfg = Debug|Any CPU
		{F99CA746-553C-43B4-943B-59A5D190459A}.Debug|Any CPU.Build.0 = Debug|Any CPU
		{F99CA746-553C-43B4-943B-59A5D190459A}.Release|Any CPU.ActiveCfg = Release|Any CPU
		{F99CA746-553C-43B4-943B-59A5D190459A}.Release|Any CPU.Build.0 = Release|Any CPU
		{78141F66-4DDD-4ABB-9DE3-D0B426FE8110}.Debug|Any CPU.ActiveCfg = Debug|Any CPU
		{78141F66-4DDD-4ABB-9DE3-D0B426FE8110}.Debug|Any CPU.Build.0 = Debug|Any CPU
		{78141F66-4DDD-4ABB-9DE3-D0B426FE8110}.Release|Any CPU.ActiveCfg = Release|Any CPU
		{78141F66-4DDD-4ABB-9DE3-D0B426FE8110}.Release|Any CPU.Build.0 = Release|Any CPU
		{E997024B-633E-4252-880B-E2A726E1B4A4}.Debug|Any CPU.ActiveCfg = Debug|Any CPU
		{E997024B-633E-4252-880B-E2A726E1B4A4}.Debug|Any CPU.Build.0 = Debug|Any CPU
		{E997024B-633E-4252-880B-E2A726E1B4A4}.Release|Any CPU.ActiveCfg = Release|Any CPU
		{E997024B-633E-4252-880B-E2A726E1B4A4}.Release|Any CPU.Build.0 = Release|Any CPU
		{F1611EF4-457B-47CB-94E9-B611EE488984}.Debug|Any CPU.ActiveCfg = Debug|Any CPU
		{F1611EF4-457B-47CB-94E9-B611EE488984}.Debug|Any CPU.Build.0 = Debug|Any CPU
		{F1611EF4-457B-47CB-94E9-B611EE488984}.Release|Any CPU.ActiveCfg = Release|Any CPU
		{F1611EF4-457B-47CB-94E9-B611EE488984}.Release|Any CPU.Build.0 = Release|Any CPU
		{9BA6093A-F71A-49F9-A159-B98ACBE41636}.Debug|Any CPU.ActiveCfg = Debug|Any CPU
		{9BA6093A-F71A-49F9-A159-B98ACBE41636}.Debug|Any CPU.Build.0 = Debug|Any CPU
		{9BA6093A-F71A-49F9-A159-B98ACBE41636}.Release|Any CPU.ActiveCfg = Release|Any CPU
		{9BA6093A-F71A-49F9-A159-B98ACBE41636}.Release|Any CPU.Build.0 = Release|Any CPU
		{CB481383-8B54-4FCB-8DCB-F348E08C2A9C}.Debug|Any CPU.ActiveCfg = Debug|Any CPU
		{CB481383-8B54-4FCB-8DCB-F348E08C2A9C}.Debug|Any CPU.Build.0 = Debug|Any CPU
		{CB481383-8B54-4FCB-8DCB-F348E08C2A9C}.Release|Any CPU.ActiveCfg = Release|Any CPU
		{CB481383-8B54-4FCB-8DCB-F348E08C2A9C}.Release|Any CPU.Build.0 = Release|Any CPU
	EndGlobalSection
	GlobalSection(SolutionProperties) = preSolution
		HideSolutionNode = FALSE
	EndGlobalSection
	GlobalSection(NestedProjects) = preSolution
		{51790AFE-5B8E-4795-9EA3-D2B15D04B5AC} = {7EC858EE-3481-4A82-AED4-CB00C34F42D0}
		{F2A5DABB-36D4-4152-AF49-2570149899E1} = {78BCF152-C22C-408F-9FB1-0F8C99B154B5}
		{F99CA746-553C-43B4-943B-59A5D190459A} = {78BCF152-C22C-408F-9FB1-0F8C99B154B5}
		{78141F66-4DDD-4ABB-9DE3-D0B426FE8110} = {A8CF6993-258A-484A-AF6D-6CC88D36AF93}
		{A8CF6993-258A-484A-AF6D-6CC88D36AF93} = {78BCF152-C22C-408F-9FB1-0F8C99B154B5}
		{E997024B-633E-4252-880B-E2A726E1B4A4} = {A8CF6993-258A-484A-AF6D-6CC88D36AF93}
		{F1611EF4-457B-47CB-94E9-B611EE488984} = {A8CF6993-258A-484A-AF6D-6CC88D36AF93}
		{7B2EDAEC-CFD0-404A-8E52-133FFF595C2F} = {A8CF6993-258A-484A-AF6D-6CC88D36AF93}
		{9BA6093A-F71A-49F9-A159-B98ACBE41636} = {7B2EDAEC-CFD0-404A-8E52-133FFF595C2F}
		{FA53EBC4-8265-4063-B9F8-0D5EA0366B90} = {A8CF6993-258A-484A-AF6D-6CC88D36AF93}
		{CB481383-8B54-4FCB-8DCB-F348E08C2A9C} = {FA53EBC4-8265-4063-B9F8-0D5EA0366B90}
	EndGlobalSection
	GlobalSection(ExtensibilityGlobals) = postSolution
		SolutionGuid = {5E9AC327-DE18-41A5-A55D-E44CB4281943}
	EndGlobalSection
EndGlobal
