{
  "version": 1,
  "dependencies": {
    ".NETFramework,Version=v4.6.1": {
      "FluentAssertions": {
        "type": "Direct",
        "requested": "[4.19.4, )",
        "resolved": "4.19.4",
        "contentHash": "i2o9/YjrJUI0sx1373gj83fsITo7W/aNJ+uciV5Cg7ZUbKhGWbMekx8gTU9AuDtB54mEhMUC9uF16MOzZEp0FQ=="
      },
      "Microsoft.Azure.WebJobs": {
        "type": "Direct",
        "requested": "[2.3.0, )",
        "resolved": "2.3.0",
        "contentHash": "J70drdZDuVZd3v2et3eANm6pYqi1aLblAibv/VNnpqByEpnRKS1UtkJ8gpKH0UwhKtR7kRfU2accKkhXXxPwhQ==",
        "dependencies": {
          "Microsoft.Azure.WebJobs.Core": "[2.3.0]",
          "Microsoft.Extensions.Logging.Abstractions": "1.1.1",
          "Newtonsoft.Json": "9.0.1",
          "WindowsAzure.Storage": "7.2.1"
        }
      },
      "Microsoft.Azure.WebJobs.Logging.ApplicationInsights": {
        "type": "Direct",
        "requested": "[2.3.0, )",
        "resolved": "2.3.0",
        "contentHash": "btjQGVQb0GoQu4gSsU4GxDm3s4gce1xMTYqsPt2Ul6G8G9dYjWSzgv5qzZvitzy4s012aV6DKGAqztGMyB5lXQ==",
        "dependencies": {
          "Microsoft.ApplicationInsights.WindowsServer": "2.4.1",
          "Microsoft.Azure.WebJobs": "[2.3.0]"
        }
      },
      "Microsoft.Diagnostics.Tracing.TraceEvent": {
        "type": "Direct",
        "requested": "[2.0.65, )",
        "resolved": "2.0.65",
        "contentHash": "3ZjbcTVGEIX+ryj3YsHiDBpu+p3ZawmBia1qPm0zDHX4WitgVwBbumUPgY8tJlMNd5hv4+M43vXweslTitqaHA==",
        "dependencies": {
          "System.Runtime.CompilerServices.Unsafe": "4.5.2"
        }
      },
      "Microsoft.Extensions.Logging": {
        "type": "Direct",
        "requested": "[2.2.0, )",
        "resolved": "2.2.0",
        "contentHash": "Nxqhadc9FCmFHzU+fz3oc8sFlE6IadViYg8dfUdGzJZ2JUxnCsRghBhhOWdM4B2zSZqEc+0BjliBh/oNdRZuig==",
        "dependencies": {
          "Microsoft.Extensions.Configuration.Binder": "2.2.0",
          "Microsoft.Extensions.DependencyInjection.Abstractions": "2.2.0",
          "Microsoft.Extensions.Logging.Abstractions": "2.2.0",
          "Microsoft.Extensions.Options": "2.2.0"
        }
      },
      "Microsoft.NET.Test.Sdk": {
        "type": "Direct",
        "requested": "[15.9.0, )",
        "resolved": "15.9.0",
        "contentHash": "sGDhl1lTcyC4nbMA6vta+nADm50IEGnm9SW9+JNaie1zjtSmUdOPHu02+WK2SJND+3vbr9DWvgfi9qlSPfUAyw==",
        "dependencies": {
          "Microsoft.CodeCoverage": "15.9.0"
        }
      },
      "Moq": {
        "type": "Direct",
        "requested": "[4.7.145, )",
        "resolved": "4.7.145",
        "contentHash": "GeYAyZPx+9RZxSQYNj0Vh3nmO/Oq/dGdHfy0UxGLSo657fGNLhUWYyqLsb2pf7yHmkc3WfYkTbzFKPTR9lk5Vw==",
        "dependencies": {
          "Castle.Core": "4.2.1"
        }
      },
      "StyleCop.Analyzers": {
        "type": "Direct",
        "requested": "[1.1.*, )",
        "resolved": "1.1.118",
        "contentHash": "Onx6ovGSqXSK07n/0eM3ZusiNdB6cIlJdabQhWGgJp3Vooy9AaLS/tigeybOJAobqbtggTamoWndz72JscZBvw=="
      },
      "System.Threading.Tasks.Dataflow": {
        "type": "Direct",
        "requested": "[4.5.24, )",
        "resolved": "4.5.24",
        "contentHash": "xE/T1IX6nUYwNvoh8F2xFwHtKlFf/fhAAUpdNmSQINnMT7CL/cEWvvQYEXqZ2cfEtRpucp50ZhoLWC3MtPMfYg=="
      },
      "xunit": {
        "type": "Direct",
        "requested": "[2.4.1, )",
        "resolved": "2.4.1",
        "contentHash": "XNR3Yz9QTtec16O0aKcO6+baVNpXmOnPUxDkCY97J+8krUYxPvXT1szYYEUdKk4sB8GOI2YbAjRIOm8ZnXRfzQ==",
        "dependencies": {
          "xunit.analyzers": "0.10.0",
          "xunit.assert": "[2.4.1]",
          "xunit.core": "[2.4.1]"
        }
      },
      "xunit.runner.visualstudio": {
        "type": "Direct",
        "requested": "[2.4.1, )",
        "resolved": "2.4.1",
        "contentHash": "mBXd1lp1TQr4to2nFv+c4Tf+RnPoQPKglzwLdbdirOUxRaJsCUNDUx2y7E6j9ajgISlTTp1CydFBZCRCUIrwDg=="
      },
      "Azure.Core": {
        "type": "Transitive",
        "resolved": "1.0.2",
        "contentHash": "CA6ZYcT6mWQacksB/9d+izqxSkxx4eS5EEhtad2dAUIb3YTsC/4vWZFfsOMn+4/F5HeYxIGLO3mvfL6AUytfXw==",
        "dependencies": {
          "Microsoft.Bcl.AsyncInterfaces": "1.0.0",
          "System.Buffers": "4.5.0",
          "System.Diagnostics.DiagnosticSource": "4.6.0",
          "System.Memory": "4.5.3",
          "System.Numerics.Vectors": "4.5.0",
          "System.Threading.Tasks.Extensions": "4.5.2"
        }
      },
      "Azure.Identity": {
        "type": "Transitive",
        "resolved": "1.1.1",
        "contentHash": "TTB+Od1T9Okr1QNhXY0pTvuOsNtHqykgR1YcTt8o7jlsk2AWiuCilaOMqESTAK7a103e7YWVqjv9v5O7MJJlTg==",
        "dependencies": {
          "Azure.Core": "1.0.2",
          "Microsoft.Identity.Client": "4.1.0",
          "System.Memory": "4.5.3",
          "System.Security.Cryptography.ProtectedData": "4.5.0",
          "System.Text.Json": "4.6.0",
          "System.Threading.Tasks.Extensions": "4.5.2"
        }
      },
      "Castle.Core": {
        "type": "Transitive",
        "resolved": "4.2.1",
        "contentHash": "XSNA0Gc1Zu33L+8+/3Tqt+aFu8QWS8UenVHZ7RenIP5wJfhoLrA4PnNscpxReeo5aBq8PDoGnV8rNaOzIOUo/w=="
      },
      "ImpromptuInterface": {
        "type": "Transitive",
        "resolved": "6.2.2",
        "contentHash": "JLMNVUUVq82u+priYIWK8U/0i2OFkOC8PKWAX8i+MLv6R+eak+L6sxQqxprqGoJgQdU3V5icZqnj5r1Qq9JbbQ=="
      },
      "Microsoft.ApplicationInsights": {
        "type": "Transitive",
        "resolved": "2.4.0",
        "contentHash": "4dX/zu3Psz9oM3ErU64xfOHuSxOwMxN6q5RabSkeYbX42Yn6dR/kDToqjs+txCRjrfHUxyYjfeJHu+MbCfvAsg==",
        "dependencies": {
          "System.Diagnostics.DiagnosticSource": "4.4.0"
        }
      },
      "Microsoft.ApplicationInsights.Agent.Intercept": {
        "type": "Transitive",
        "resolved": "2.4.0",
        "contentHash": "WuK9x24Yt3a3wUVsgFTp0Ef3q2ne0dPSflLRysRnpao70R1+oUil6wW/6tK2PeiwL2giiH+Enli1S+yXmSStqQ=="
      },
      "Microsoft.ApplicationInsights.DependencyCollector": {
        "type": "Transitive",
        "resolved": "2.4.1",
        "contentHash": "RWxdX90MY6tNF8S5lwRvJcHiBMIWwVLCxd4TGIEl3X0yAKaolY2vs4zTCvyCIVkEAMs1aInTgWkYwOjzYvAHWw==",
        "dependencies": {
          "Microsoft.ApplicationInsights": "[2.4.0]",
          "Microsoft.ApplicationInsights.Agent.Intercept": "2.4.0",
          "System.Diagnostics.DiagnosticSource": "4.4.0"
        }
      },
      "Microsoft.ApplicationInsights.PerfCounterCollector": {
        "type": "Transitive",
        "resolved": "2.4.1",
        "contentHash": "6sHD2UTpUdKtrzbCPPYUxWZqv4LDEX6ZyjEv1EoiZmK09nvvOlMmEfUMMNyWMy2hx0wSqGOKiDtUew9f2yJWKg==",
        "dependencies": {
          "Microsoft.ApplicationInsights": "[2.4.0]"
        }
      },
      "Microsoft.ApplicationInsights.WindowsServer": {
        "type": "Transitive",
        "resolved": "2.4.1",
        "contentHash": "0qChAsV1hgAM/xxo1HHL2Jkx87h0znnIP0PBErjl2cyoRs7jG1RnAEZJEbLLR/bJX31FC0TOHRWN/SuYlAfSuw==",
        "dependencies": {
          "Microsoft.ApplicationInsights": "[2.4.0]",
          "Microsoft.ApplicationInsights.DependencyCollector": "2.4.1",
          "Microsoft.ApplicationInsights.PerfCounterCollector": "2.4.1",
          "Microsoft.ApplicationInsights.WindowsServer.TelemetryChannel": "[2.4.0]"
        }
      },
      "Microsoft.ApplicationInsights.WindowsServer.TelemetryChannel": {
        "type": "Transitive",
        "resolved": "2.4.0",
        "contentHash": "D0fIC9ySNORFJhbz8n1U2VfERYF8DBDCodbAVBTrdUJyBKbpUQrs/LkMt5fEVvIlxQjqj1ygWgGgF38pvDmoQw==",
        "dependencies": {
          "Microsoft.ApplicationInsights": "[2.4.0]"
        }
      },
      "Microsoft.AspNet.WebApi.Client": {
        "type": "Transitive",
        "resolved": "5.2.2",
        "contentHash": "YVq+s0WeXrPxJk57CoElbtMYf95j76uJcW6nue3Cs4eIer9sgUp4rasSo0gALX3ls1Zf2jMceOLik9X/sJyrwA==",
        "dependencies": {
          "Newtonsoft.Json": "6.0.4"
        }
      },
      "Microsoft.AspNetCore.Authorization": {
        "type": "Transitive",
        "resolved": "1.0.2",
        "contentHash": "E+awj6d91bTe6uOGZdiWl0KL9VCr2Deq6Av3Ip/t0HT2zgF+KI8z4AtFNOSc14mumpulbC5lLthfyw/n+P2OFg==",
        "dependencies": {
          "Microsoft.Extensions.Logging.Abstractions": "1.0.2",
          "Microsoft.Extensions.Options": "1.0.2"
        }
      },
      "Microsoft.AspNetCore.Hosting.Abstractions": {
        "type": "Transitive",
        "resolved": "1.0.2",
        "contentHash": "CSVd9h1TdWDT2lt62C4FcgaF285J4O3MaOqTVvc7xP+3bFiwXcdp6qEd+u1CQrdJ+xJuslR+tvDW7vWQ/OH5Qw==",
        "dependencies": {
          "Microsoft.AspNetCore.Hosting.Server.Abstractions": "1.0.2",
          "Microsoft.AspNetCore.Http.Abstractions": "1.0.2",
          "Microsoft.Extensions.Configuration.Abstractions": "1.0.2",
          "Microsoft.Extensions.DependencyInjection.Abstractions": "1.0.2",
          "Microsoft.Extensions.FileProviders.Abstractions": "1.0.1",
          "Microsoft.Extensions.Logging.Abstractions": "1.0.2"
        }
      },
      "Microsoft.AspNetCore.Hosting.Server.Abstractions": {
        "type": "Transitive",
        "resolved": "1.0.2",
        "contentHash": "6ZtFh0huTlrUl72u9Vic0icCVIQiEx7ULFDx3P7BpOI97wjb0GAXf8B4m9uSpSGf0vqLEKFlkPbvXF0MXXEzhw==",
        "dependencies": {
          "Microsoft.AspNetCore.Http.Features": "1.0.2",
          "Microsoft.Extensions.Configuration.Abstractions": "1.0.2"
        }
      },
      "Microsoft.AspNetCore.Http": {
        "type": "Transitive",
        "resolved": "1.0.2",
        "contentHash": "w9AJMakVIuP0KhLe3pdwWNDSWhwDEjfRyai907iGmia0a5O3OBJw9JMhpenVHHeXAARwLi/zVn9oVwd1RFKzTA==",
        "dependencies": {
          "Microsoft.AspNetCore.Http.Abstractions": "1.0.2",
          "Microsoft.AspNetCore.WebUtilities": "1.0.2",
          "Microsoft.Extensions.ObjectPool": "1.0.1",
          "Microsoft.Extensions.Options": "1.0.2",
          "Microsoft.Net.Http.Headers": "1.0.2",
          "System.Buffers": "4.0.0"
        }
      },
      "Microsoft.AspNetCore.Http.Abstractions": {
        "type": "Transitive",
        "resolved": "1.0.2",
        "contentHash": "peJqc7BgYwhTzOIfFHX3/esV6iOXf17Afekh6mCYuUD3aWyaBwQuWYaKLR+RnjBEWaSzpCDgfCMMp5Y3LUXsiA==",
        "dependencies": {
          "Microsoft.AspNetCore.Http.Features": "1.0.2",
          "System.Text.Encodings.Web": "4.0.0"
        }
      },
      "Microsoft.AspNetCore.Http.Extensions": {
        "type": "Transitive",
        "resolved": "1.0.2",
        "contentHash": "itaTI4YSVsLjvmpInhQ3b6Xs1q+CxJT/3z3q5G6hLuLkq30vvWEbM40NfzUzvwzPCEiXXlp+nJTEK2wgoJa70Q==",
        "dependencies": {
          "Microsoft.AspNetCore.Http.Abstractions": "1.0.2",
          "Microsoft.Extensions.FileProviders.Abstractions": "1.0.1",
          "Microsoft.Net.Http.Headers": "1.0.2",
          "System.Buffers": "4.0.0"
        }
      },
      "Microsoft.AspNetCore.Http.Features": {
        "type": "Transitive",
        "resolved": "1.0.2",
        "contentHash": "9l/Y/CO3q8tET3w+dDiByREH8lRtpd14cMevwMV5nw2a/avJ5qcE3VVIE5U5hesec2phTT6udQEgwjHmdRRbig==",
        "dependencies": {
          "Microsoft.Extensions.Primitives": "1.0.1"
        }
      },
      "Microsoft.AspNetCore.JsonPatch": {
        "type": "Transitive",
        "resolved": "1.0.0",
        "contentHash": "WVaSVS+dDlWCR/qerHnBxU9tIeJ9GMA3M5tg4cxH7/cJYZZLnr2zvaFHGB+cRRNCKKTJ0pFRxT7ES8knhgAAaA==",
        "dependencies": {
          "Microsoft.CSharp": "4.0.1",
          "Newtonsoft.Json": "9.0.1",
          "System.Collections.Concurrent": "4.0.12",
          "System.ComponentModel.TypeConverter": "4.1.0",
          "System.Diagnostics.Debug": "4.0.11",
          "System.Globalization": "4.0.11",
          "System.Linq": "4.1.0",
          "System.Reflection.Extensions": "4.0.1",
          "System.Resources.ResourceManager": "4.0.1",
          "System.Runtime.Extensions": "4.1.0",
          "System.Runtime.Serialization.Primitives": "4.1.1",
          "System.Text.Encoding.Extensions": "4.0.11"
        }
      },
      "Microsoft.AspNetCore.Mvc.Abstractions": {
        "type": "Transitive",
        "resolved": "1.0.3",
        "contentHash": "/Tpjl8AjEDksvyXfmFOlEGktwcpcToJ2aYwz2SAyeolv48e6gUyjpQWPBZkfovws9jPBdEyDY3eCZMDl7tVJPw==",
        "dependencies": {
          "Microsoft.AspNetCore.Routing.Abstractions": "1.0.3",
          "Microsoft.Net.Http.Headers": "1.0.2"
        }
      },
      "Microsoft.AspNetCore.Mvc.Core": {
        "type": "Transitive",
        "resolved": "1.0.3",
        "contentHash": "G1iwAcUj6gayPUxcflYXlVGjRn36s8GC7tjxxhxCSVyeYYS0WjO6TFAuXIm6Oe3S2IAQeCAn+Phg5gasHJLUxg==",
        "dependencies": {
          "Microsoft.AspNetCore.Authorization": "1.0.2",
          "Microsoft.AspNetCore.Hosting.Abstractions": "1.0.2",
          "Microsoft.AspNetCore.Http": "1.0.2",
          "Microsoft.AspNetCore.Mvc.Abstractions": "1.0.3",
          "Microsoft.AspNetCore.Routing": "1.0.3",
          "Microsoft.Extensions.DependencyModel": "1.0.0",
          "Microsoft.Extensions.FileProviders.Abstractions": "1.0.1",
          "Microsoft.Extensions.Logging.Abstractions": "1.0.2",
          "Microsoft.Extensions.PlatformAbstractions": "1.0.0",
          "System.Buffers": "4.0.0",
          "System.Diagnostics.DiagnosticSource": "4.0.0"
        }
      },
      "Microsoft.AspNetCore.Mvc.Formatters.Json": {
        "type": "Transitive",
        "resolved": "1.0.3",
        "contentHash": "zKRSlE7rlqvlVbcUROI9OigUN+PsGwI13VFSuuRKQyeCqqnV/7cPvHT38BoCED1U+vzauBTKSrhGMxWIvSMS0Q==",
        "dependencies": {
          "Microsoft.AspNetCore.JsonPatch": "1.0.0",
          "Microsoft.AspNetCore.Mvc.Core": "1.0.3"
        }
      },
      "Microsoft.AspNetCore.Mvc.WebApiCompatShim": {
        "type": "Transitive",
        "resolved": "1.0.3",
        "contentHash": "7TcKwaAzXnpHRxdM8iQiU6QjlSOQTKMFP3vX9PtfrfJhPq0M22IjZN0oJPI4vsmOEqPDeM0tmj6PBgvFXsAhlQ==",
        "dependencies": {
          "Microsoft.AspNet.WebApi.Client": "5.2.2",
          "Microsoft.AspNetCore.Mvc.Core": "1.0.3",
          "Microsoft.AspNetCore.Mvc.Formatters.Json": "1.0.3",
          "Microsoft.AspNetCore.WebUtilities": "1.0.2"
        }
      },
      "Microsoft.AspNetCore.Routing": {
        "type": "Transitive",
        "resolved": "1.0.3",
        "contentHash": "4cK6TNmjRtr2/Eyd3j9R5ZCiwkSffazCn87zqiHV6tVquESkrsB+qQZzNy+qVBv16zooE6tIXisi5kf8lLxJbg==",
        "dependencies": {
          "Microsoft.AspNetCore.Http.Extensions": "1.0.2",
          "Microsoft.AspNetCore.Routing.Abstractions": "1.0.3",
          "Microsoft.Extensions.Logging.Abstractions": "1.0.2",
          "Microsoft.Extensions.ObjectPool": "1.0.1",
          "Microsoft.Extensions.Options": "1.0.2"
        }
      },
      "Microsoft.AspNetCore.Routing.Abstractions": {
        "type": "Transitive",
        "resolved": "1.0.3",
        "contentHash": "bNcJAJPSLhvpwbdRfqh3b23Pi36gycUxCxjV4zxVoIwLt/qQFY3g+YJ08UJWPhAHepdne0xWe1WGr3lmYfdwVA==",
        "dependencies": {
          "Microsoft.AspNetCore.Http.Abstractions": "1.0.2"
        }
      },
      "Microsoft.AspNetCore.WebUtilities": {
        "type": "Transitive",
        "resolved": "1.0.2",
        "contentHash": "xWCqsnZLt0nSoiyw3x250k7PzV/ub1dtjZfLUCy89gTdAHF3jWivnzN+Mw5+LB8EYwEA4WY+u5l5s6innImJTw==",
        "dependencies": {
          "Microsoft.Extensions.Primitives": "1.0.1",
          "System.Buffers": "4.0.0",
          "System.Text.Encodings.Web": "4.0.0"
        }
      },
      "Microsoft.Azure.DurableTask.AzureStorage": {
        "type": "Transitive",
        "resolved": "1.8.4",
        "contentHash": "auSKomWFDQdZcBFyLDPIqx8qmWPwBL69u6It+DDHiKKbq/+BtwJAvZ6vzr1pchCXMjthlTXatsI4GorIGpu2+A==",
        "dependencies": {
          "Microsoft.Azure.DurableTask.Core": "2.5.1",
          "Microsoft.Extensions.Logging.Abstractions": "1.1.1",
          "Newtonsoft.Json": "7.0.1",
          "WindowsAzure.Storage": "7.2.1"
        }
      },
      "Microsoft.Azure.DurableTask.Core": {
        "type": "Transitive",
        "resolved": "2.5.1",
        "contentHash": "u6mQYvpxvm3K7YEOwrFdyPMbLs3h2+NytmhzqfYxIugBpkyicyV0C6vLZmQY70uqU5+5nignTjclE5rPL1hQ/A==",
        "dependencies": {
          "ImpromptuInterface": "6.2.2",
          "Microsoft.Extensions.Logging.Abstractions": "1.1.1",
          "Newtonsoft.Json": "7.0.1",
          "System.Diagnostics.DiagnosticSource": "4.6.0",
          "System.Reactive.Compatibility": "4.4.1",
          "System.Reactive.Core": "4.4.1"
        }
      },
      "Microsoft.Azure.KeyVault.Core": {
        "type": "Transitive",
        "resolved": "1.0.0",
        "contentHash": "iaA0E8xoVlqroQ7Iurg/VyAjfPdhzn+xN7JkdncmNoox/ez49uPbxp2vMrvhopBaUMuoBu38+8e0RvrV+X+BxA=="
      },
      "Microsoft.Azure.WebJobs.Core": {
        "type": "Transitive",
        "resolved": "2.3.0",
        "contentHash": "2NeorLjoxHWuUyV3IQ4OY2PSTN9pPyWJX8X37zUi7taWGy9nf73e5tBzcQgIBWTMh60WcU8gSAq4HvtKx/+2MQ=="
      },
      "Microsoft.Azure.WebJobs.Extensions.DurableTask.Analyzers": {
        "type": "Transitive",
        "resolved": "0.4.0",
        "contentHash": "ZKcvDIfgg+EFLwg1MPxXT3iJzcbJVG6pUshHtKiGAm1Nn29mKXU/CUMkfoiFqk5reNifKPHF4qsUwVZVIg52Zw=="
      },
      "Microsoft.Bcl.AsyncInterfaces": {
        "type": "Transitive",
        "resolved": "1.0.0",
        "contentHash": "K63Y4hORbBcKLWH5wnKgzyn7TOfYzevIEwIedQHBIkmkEBA9SCqgvom+XTuE+fAFGvINGkhFItaZ2dvMGdT5iw==",
        "dependencies": {
          "System.Threading.Tasks.Extensions": "4.5.2"
        }
      },
      "Microsoft.CodeCoverage": {
        "type": "Transitive",
        "resolved": "15.9.0",
        "contentHash": "oherNadUtHKqFQbtdRKXgPvZVWyGkOeS83pFWT864587npS7JIFWIJ/LJV0c25cWNkCytn2S9XGSSkKscnNFAQ=="
      },
      "Microsoft.CSharp": {
        "type": "Transitive",
        "resolved": "4.0.1",
        "contentHash": "17h8b5mXa87XYKrrVqdgZ38JefSUqLChUQpXgSnpzsM0nDOhE40FTeNWOJ/YmySGV6tG6T8+hjz6vxbknHJr6A=="
      },
      "Microsoft.Data.Edm": {
        "type": "Transitive",
        "resolved": "5.6.4",
        "contentHash": "I9ea/CEOufddjjyRYIowshdeFj5SIqfWZ5conK/UIaFx2/jJ+PDRhQ5jcJTqTg/ediCa1C22TeRl/MmL9zwBew=="
      },
      "Microsoft.Data.OData": {
        "type": "Transitive",
        "resolved": "5.6.4",
        "contentHash": "Te71LAvjYppmBCLWomHvhVzKes3q8L5tmmDMSyLP7YrJMYG5/Ded8uJgxWWkUX/Vh11ZDpN2WXRByOg+BAHCYw==",
        "dependencies": {
          "Microsoft.Data.Edm": "[5.6.4]",
          "System.Spatial": "[5.6.4]"
        }
      },
      "Microsoft.Data.Services.Client": {
        "type": "Transitive",
        "resolved": "5.6.4",
        "contentHash": "94XNZKwnpHuFAdR70kqNTMBv2ex9m+VVQX8dHknZgtlq+nTlZDgzFmahU0wsBaIqJWc3k8Z+FftQ2Voq9r0NWA==",
        "dependencies": {
          "Microsoft.Data.OData": "[5.6.4]"
        }
      },
      "Microsoft.DotNet.InternalAbstractions": {
        "type": "Transitive",
        "resolved": "1.0.0",
        "contentHash": "AAguUq7YyKk3yDWPoWA8DrLZvURxB/LrDdTn1h5lmPeznkFUpfC3p459w5mQYQE0qpquf/CkSQZ0etiV5vRHFA=="
      },
      "Microsoft.Extensions.Configuration": {
        "type": "Transitive",
        "resolved": "2.2.0",
        "contentHash": "nOP8R1mVb/6mZtm2qgAJXn/LFm/2kMjHDAg/QJLFG6CuWYJtaD3p1BwQhufBVvRzL9ceJ/xF0SQ0qsI2GkDQAA==",
        "dependencies": {
          "Microsoft.Extensions.Configuration.Abstractions": "2.2.0"
        }
      },
      "Microsoft.Extensions.Configuration.Abstractions": {
        "type": "Transitive",
        "resolved": "2.2.0",
        "contentHash": "65MrmXCziWaQFrI0UHkQbesrX5wTwf9XPjY5yFm/VkgJKFJ5gqvXRoXjIZcf2wLi5ZlwGz/oMYfyURVCWbM5iw==",
        "dependencies": {
          "Microsoft.Extensions.Primitives": "2.2.0"
        }
      },
      "Microsoft.Extensions.Configuration.Binder": {
        "type": "Transitive",
        "resolved": "2.2.0",
        "contentHash": "vJ9xvOZCnUAIHcGC3SU35r3HKmHTVIeHzo6u/qzlHAqD8m6xv92MLin4oJntTvkpKxVX3vI1GFFkIQtU3AdlsQ==",
        "dependencies": {
          "Microsoft.Extensions.Configuration": "2.2.0"
        }
      },
      "Microsoft.Extensions.DependencyInjection.Abstractions": {
        "type": "Transitive",
        "resolved": "2.2.0",
        "contentHash": "f9hstgjVmr6rmrfGSpfsVOl2irKAgr1QjrSi3FgnS7kulxband50f2brRLwySAQTADPZeTdow0mpSMcoAdadCw=="
      },
      "Microsoft.Extensions.DependencyModel": {
        "type": "Transitive",
        "resolved": "1.0.0",
        "contentHash": "n55Y2T4qMgCNMrJaqAN+nlG2EH4XL+e9uxIg4vdFsQeF+L8UKxRdD3C35Bt+xk3vO3Zwp3g+6KFq2VPH2COSmg==",
        "dependencies": {
          "Microsoft.DotNet.InternalAbstractions": "1.0.0",
          "Newtonsoft.Json": "9.0.1"
        }
      },
      "Microsoft.Extensions.FileProviders.Abstractions": {
        "type": "Transitive",
        "resolved": "1.0.1",
        "contentHash": "buv6KsRtHpyh2tpCIt1bG6KAWFIbuCp6HtqrYDH9w+WZmzbNYAoYyoEFmc1czCO5VvoQ9ufMGCkZOe6I++h30g==",
        "dependencies": {
          "Microsoft.Extensions.Primitives": "1.0.1",
          "System.IO": "4.1.0",
          "System.Resources.ResourceManager": "4.0.1"
        }
      },
      "Microsoft.Extensions.Logging.Abstractions": {
        "type": "Transitive",
        "resolved": "2.2.0",
        "contentHash": "B2WqEox8o+4KUOpL7rZPyh6qYjik8tHi2tN8Z9jZkHzED8ElYgZa/h6K+xliB435SqUcWT290Fr2aa8BtZjn8A=="
      },
      "Microsoft.Extensions.ObjectPool": {
        "type": "Transitive",
        "resolved": "1.0.1",
        "contentHash": "pJMOnxuqmG37OjccfvtqVoo3bQGoN+0EJUzzp7+2uxSdioER82caAk6Yi/z5aysapn5XENNIIa7SaYnYKSS69A=="
      },
      "Microsoft.Extensions.Options": {
        "type": "Transitive",
        "resolved": "2.2.0",
        "contentHash": "UpZLNLBpIZ0GTebShui7xXYh6DmBHjWM8NxGxZbdQh/bPZ5e6YswqI+bru6BnEL5eWiOdodsXtEz3FROcgi/qg==",
        "dependencies": {
          "Microsoft.Extensions.DependencyInjection.Abstractions": "2.2.0",
          "Microsoft.Extensions.Primitives": "2.2.0",
          "System.ComponentModel.Annotations": "4.5.0"
        }
      },
      "Microsoft.Extensions.PlatformAbstractions": {
        "type": "Transitive",
        "resolved": "1.0.0",
        "contentHash": "zyjUzrOmuevOAJpIo3Mt5GmpALVYCVdLZ99keMbmCxxgQH7oxzU58kGHzE6hAgYEiWsdfMJLjVR7r+vSmaJmtg=="
      },
      "Microsoft.Extensions.Primitives": {
        "type": "Transitive",
        "resolved": "2.2.0",
        "contentHash": "azyQtqbm4fSaDzZHD/J+V6oWMFaf2tWP4WEGIYePLCMw3+b2RQdj9ybgbQyjCshcitQKQ4lEDOZjmSlTTrHxUg==",
        "dependencies": {
          "System.Memory": "4.5.1",
          "System.Runtime.CompilerServices.Unsafe": "4.5.1"
        }
      },
      "Microsoft.Identity.Client": {
        "type": "Transitive",
        "resolved": "4.1.0",
        "contentHash": "mrgnNTt8nsz9RcDINzTKsqy9uWLqhSuBaD090E4imgKg7FYOrwb3kW/dXG7dvJBUCMeXGG+1LbsDBWSu26ObiA=="
      },
      "Microsoft.Net.Http.Headers": {
        "type": "Transitive",
        "resolved": "1.0.2",
        "contentHash": "Nym2m4l2kb5jQRl5YlP1nAxneqpRfknFLy5PBKMYiC4kR/gDIQ4fi4rU9u7UdjEXMVgfWDIPpijx9YnSDEbOHw==",
        "dependencies": {
          "System.Buffers": "4.0.0",
          "System.Collections": "4.0.11",
          "System.Diagnostics.Contracts": "4.0.1",
          "System.Globalization": "4.0.11",
          "System.Linq": "4.1.0",
          "System.Resources.ResourceManager": "4.0.1",
          "System.Runtime.Extensions": "4.1.0",
          "System.Text.Encoding": "4.0.11"
        }
      },
      "Newtonsoft.Json": {
        "type": "Transitive",
        "resolved": "9.0.1",
        "contentHash": "U82mHQSKaIk+lpSVCbWYKNavmNH1i5xrExDEquU1i6I5pV6UMOqRnJRSlKO3cMPfcpp0RgDY+8jUXHdQ4IfXvw=="
      },
      "System.Buffers": {
        "type": "Transitive",
        "resolved": "4.5.0",
        "contentHash": "pL2ChpaRRWI/p4LXyy4RgeWlYF2sgfj/pnVMvBqwNFr5cXg7CXNnWZWxrOONLg8VGdFB8oB+EG2Qw4MLgTOe+A=="
      },
      "System.Collections": {
        "type": "Transitive",
        "resolved": "4.0.11",
        "contentHash": "YUJGz6eFKqS0V//mLt25vFGrrCvOnsXjlvFQs+KimpwNxug9x0Pzy4PlFMU3Q2IzqAa9G2L4LsK3+9vCBK7oTg=="
      },
      "System.Collections.Concurrent": {
        "type": "Transitive",
        "resolved": "4.0.12",
        "contentHash": "2gBcbb3drMLgxlI0fBfxMA31ec6AEyYCHygGse4vxceJan8mRIWeKJ24BFzN7+bi/NFTgdIgufzb94LWO5EERQ=="
      },
      "System.ComponentModel.Annotations": {
        "type": "Transitive",
        "resolved": "4.5.0",
        "contentHash": "UxYQ3FGUOtzJ7LfSdnYSFd7+oEv6M8NgUatatIN2HxNtDdlcvFAf+VIq4Of9cDMJEJC0aSRv/x898RYhB4Yppg=="
      },
      "System.ComponentModel.Primitives": {
        "type": "Transitive",
        "resolved": "4.1.0",
        "contentHash": "sc/7eVCdxPrp3ljpgTKVaQGUXiW05phNWvtv/m2kocXqrUQvTVWKou1Edas2aDjTThLPZOxPYIGNb/HN0QjURg=="
      },
      "System.ComponentModel.TypeConverter": {
        "type": "Transitive",
        "resolved": "4.1.0",
        "contentHash": "MnDAlaeJZy9pdB5ZdOlwdxfpI+LJQ6e0hmH7d2+y2LkiD8DRJynyDYl4Xxf3fWFm7SbEwBZh4elcfzONQLOoQw==",
        "dependencies": {
          "System.ComponentModel.Primitives": "4.1.0"
        }
      },
      "System.Diagnostics.Contracts": {
        "type": "Transitive",
        "resolved": "4.0.1",
        "contentHash": "HvQQjy712vnlpPxaloZYkuE78Gn353L0SJLJVeLcNASeg9c4qla2a1Xq8I7B3jZoDzKPtHTkyVO7AZ5tpeQGuA=="
      },
      "System.Diagnostics.Debug": {
        "type": "Transitive",
        "resolved": "4.0.11",
        "contentHash": "w5U95fVKHY4G8ASs/K5iK3J5LY+/dLFd4vKejsnI/ZhBsWS9hQakfx3Zr7lRWKg4tAw9r4iktyvsTagWkqYCiw=="
      },
      "System.Diagnostics.DiagnosticSource": {
        "type": "Transitive",
        "resolved": "4.6.0",
        "contentHash": "mbBgoR0rRfl2uimsZ2avZY8g7Xnh1Mza0rJZLPcxqiMWlkGukjmRkuMJ/er+AhQuiRIh80CR/Hpeztr80seV5g==",
        "dependencies": {
          "System.Memory": "4.5.3"
        }
      },
      "System.Globalization": {
        "type": "Transitive",
        "resolved": "4.0.11",
        "contentHash": "B95h0YLEL2oSnwF/XjqSWKnwKOy/01VWkNlsCeMTFJLLabflpGV26nK164eRs5GiaRSBGpOxQ3pKoSnnyZN5pg=="
      },
      "System.IO": {
        "type": "Transitive",
        "resolved": "4.1.0",
        "contentHash": "3KlTJceQc3gnGIaHZ7UBZO26SHL1SHE4ddrmiwumFnId+CEHP+O8r386tZKaE6zlk5/mF8vifMBzHj9SaXN+mQ=="
      },
      "System.Linq": {
        "type": "Transitive",
        "resolved": "4.1.0",
        "contentHash": "bQ0iYFOQI0nuTnt+NQADns6ucV4DUvMdwN6CbkB1yj8i7arTGiTN5eok1kQwdnnNWSDZfIUySQY+J3d5KjWn0g=="
      },
      "System.Memory": {
        "type": "Transitive",
        "resolved": "4.5.3",
        "contentHash": "3oDzvc/zzetpTKWMShs1AADwZjQ/36HnsufHRPcOjyRAAMLDlu2iD33MBI2opxnezcVUtXyqDXXjoFMOU9c7SA==",
        "dependencies": {
          "System.Buffers": "4.4.0",
          "System.Numerics.Vectors": "4.4.0",
          "System.Runtime.CompilerServices.Unsafe": "4.5.2"
        }
      },
      "System.Numerics.Vectors": {
        "type": "Transitive",
        "resolved": "4.5.0",
        "contentHash": "QQTlPTl06J/iiDbJCiepZ4H//BVraReU4O4EoRw1U02H5TLUIT7xn3GnDp9AXPSlJUDyFs4uWjWafNX6WrAojQ=="
      },
      "System.Reactive": {
        "type": "Transitive",
        "resolved": "4.4.1",
        "contentHash": "iSTPeWR9HJhGoNV4WhVlvofuiTjpok1i4E3LPgMdbMqf3jKhFlT9HAlO32lb52NLppWC/4dZQFfUzTytvyXBmw==",
        "dependencies": {
          "System.Threading.Tasks.Extensions": "4.5.4",
          "System.ValueTuple": "4.5.0"
        }
      },
      "System.Reactive.Compatibility": {
        "type": "Transitive",
        "resolved": "4.4.1",
        "contentHash": "Ad2/TBOBV0/45pzccpbQj2vo3S85uipF/PfqkbQUnH0vOtBqrXd1eqWtky5YTXq/WIRU1HF62HFSOdXiNC+E4A==",
        "dependencies": {
          "System.Reactive.Core": "4.4.1",
          "System.Reactive.Experimental": "4.4.1",
          "System.Reactive.Interfaces": "4.4.1",
          "System.Reactive.Linq": "4.4.1",
          "System.Reactive.PlatformServices": "4.4.1",
          "System.Reactive.Providers": "4.4.1",
          "System.Reactive.Runtime.Remoting": "4.4.1",
          "System.Reactive.Windows.Forms": "4.4.1",
          "System.Reactive.Windows.Threading": "4.4.1"
        }
      },
      "System.Reactive.Core": {
        "type": "Transitive",
        "resolved": "4.4.1",
        "contentHash": "YQHJOt8hZvwFelIIfs19t8Jhz5P6NS1ZZccbVUuE1LFyoFZjaUecdYIYykgXzpyj5Rl40XC3xkyuuhHRaAln2w==",
        "dependencies": {
          "System.Reactive": "4.4.1",
          "System.Threading.Tasks.Extensions": "4.5.4"
        }
      },
      "System.Reactive.Experimental": {
        "type": "Transitive",
        "resolved": "4.4.1",
        "contentHash": "GbFCmkYg8oTmDq+9zkx6jh8p8/pqlhCQFnSdoDZ6ALq3fiSzJXP+ID02X5LAdWZg/ztfaSipjJ+iixuutl6+Zg==",
        "dependencies": {
          "System.Reactive": "4.4.1",
          "System.Threading.Tasks.Extensions": "4.5.4"
        }
      },
      "System.Reactive.Interfaces": {
        "type": "Transitive",
        "resolved": "4.4.1",
        "contentHash": "Pk++rL2lxe6yhBEzgc9eJWR57YxYxtAmcz9U0JdKyHEzTLqba3B7MhhYrpN2ToTPVRyJJzxMdPdLieIJvlsACg==",
        "dependencies": {
          "System.Reactive": "4.4.1",
          "System.Threading.Tasks.Extensions": "4.5.4"
        }
      },
      "System.Reactive.Linq": {
        "type": "Transitive",
        "resolved": "4.4.1",
        "contentHash": "wyOVuUyHmPV667REPwcZjFjOlRLX6qSGVcXMye0qUqBAWFB3bu1RO1XLGWZTnf0d67DQHV69kw7tAtTh+4EYyQ==",
        "dependencies": {
          "System.Reactive": "4.4.1",
          "System.Threading.Tasks.Extensions": "4.5.4"
        }
      },
      "System.Reactive.PlatformServices": {
        "type": "Transitive",
        "resolved": "4.4.1",
        "contentHash": "jVF40bEwEES1DpDxI8pRcVEkH/TztFCOSToMYIK6TNE5QojsQljfvZd6jaDG4jRZ9hkoMYyUbkeSDYG/1ldPDg==",
        "dependencies": {
          "System.Reactive": "4.4.1",
          "System.Threading.Tasks.Extensions": "4.5.4"
        }
      },
      "System.Reactive.Providers": {
        "type": "Transitive",
        "resolved": "4.4.1",
        "contentHash": "K9RDgMHsuceX8QTk5ALCgYpexA9qcMsIi4K97Eigqcz9hD6fa4Smrjy8F/m6YdVJZFsBGaZ3uwj+d0loAdMfbA==",
        "dependencies": {
          "System.Reactive": "4.4.1",
          "System.Threading.Tasks.Extensions": "4.5.4"
        }
      },
      "System.Reactive.Runtime.Remoting": {
        "type": "Transitive",
        "resolved": "4.4.1",
        "contentHash": "Il0cED7GQHwJ468wlCZh5qDDQjzHuOFS8Isnl8ktmyPAT22PxedbZ0/kQfjkUtI5C6PwzABiaiNefi1Cg/ba9Q==",
        "dependencies": {
          "System.Reactive": "4.4.1",
          "System.Threading.Tasks.Extensions": "4.5.4"
        }
      },
      "System.Reactive.Windows.Forms": {
        "type": "Transitive",
        "resolved": "4.4.1",
        "contentHash": "k7fdk88WXeesdIKOw6WEVXLe5iAWx45o2xt2LhGHShJZWqwCsa8qmo6h/cdhIEhv7ao12w7sjd67hBX0jX+k5A==",
        "dependencies": {
          "System.Reactive": "4.4.1",
          "System.Threading.Tasks.Extensions": "4.5.4"
        }
      },
      "System.Reactive.Windows.Threading": {
        "type": "Transitive",
        "resolved": "4.4.1",
        "contentHash": "C5m6/m2D51vdhxCAs3cE2wi4pG+suOwhdGGIJbFSDumRLvlXHKgiq9scDH65HmYOKzx8OKfigjB9eDmIXnODZQ==",
        "dependencies": {
          "System.Reactive": "4.4.1",
          "System.Threading.Tasks.Extensions": "4.5.4"
        }
      },
      "System.Reflection.Extensions": {
        "type": "Transitive",
        "resolved": "4.0.1",
        "contentHash": "GYrtRsZcMuHF3sbmRHfMYpvxZoIN2bQGrYGerUiWLEkqdEUQZhH3TRSaC/oI4wO0II1RKBPlpIa1TOMxIcOOzQ=="
      },
      "System.Resources.ResourceManager": {
        "type": "Transitive",
        "resolved": "4.0.1",
        "contentHash": "TxwVeUNoTgUOdQ09gfTjvW411MF+w9MBYL7AtNVc+HtBCFlutPLhUCdZjNkjbhj3bNQWMdHboF0KIWEOjJssbA=="
      },
      "System.Runtime.CompilerServices.Unsafe": {
        "type": "Transitive",
        "resolved": "4.6.0",
        "contentHash": "HxozeSlipUK7dAroTYwIcGwKDeOVpQnJlpVaOkBz7CM4TsE5b/tKlQBZecTjh6FzcSbxndYaxxpsBMz+wMJeyw=="
      },
      "System.Runtime.Extensions": {
        "type": "Transitive",
        "resolved": "4.1.0",
        "contentHash": "CUOHjTT/vgP0qGW22U4/hDlOqXmcPq5YicBaXdUR2UiUoLwBT+olO6we4DVbq57jeX5uXH2uerVZhf0qGj+sVQ=="
      },
      "System.Runtime.Serialization.Primitives": {
        "type": "Transitive",
        "resolved": "4.1.1",
        "contentHash": "HZ6Du5QrTG8MNJbf4e4qMO3JRAkIboGT5Fk804uZtg3Gq516S7hAqTm2UZKUHa7/6HUGdVy3AqMQKbns06G/cg=="
      },
      "System.Security.Cryptography.ProtectedData": {
        "type": "Transitive",
        "resolved": "4.5.0",
        "contentHash": "wLBKzFnDCxP12VL9ANydSYhk59fC4cvOr9ypYQLPnAj48NQIhqnjdD2yhP8yEKyBJEjERWS9DisKL7rX5eU25Q=="
      },
      "System.Spatial": {
        "type": "Transitive",
        "resolved": "5.6.4",
        "contentHash": "BoXUQ0mHyeAbkR3qlhwXqUFxzJ7rZuFOrvFM/jZRk+S6JLI2JxXRKby6bxuWbmwYv2o/eRPQPbAOvEk5hB2Gmg=="
      },
      "System.Text.Encoding": {
        "type": "Transitive",
        "resolved": "4.0.11",
        "contentHash": "U3gGeMlDZXxCEiY4DwVLSacg+DFWCvoiX+JThA/rvw37Sqrku7sEFeVBBBMBnfB6FeZHsyDx85HlKL19x0HtZA=="
      },
      "System.Text.Encoding.Extensions": {
        "type": "Transitive",
        "resolved": "4.0.11",
        "contentHash": "jtbiTDtvfLYgXn8PTfWI+SiBs51rrmO4AAckx4KR6vFK9Wzf6tI8kcRdsYQNwriUeQ1+CtQbM1W4cMbLXnj/OQ=="
      },
      "System.Text.Encodings.Web": {
        "type": "Transitive",
        "resolved": "4.6.0",
        "contentHash": "BXgFO8Yi7ao7hVA/nklD0Hre1Bbce048ZqryGZVFifGNPuh+2jqF1i/jLJLMfFGZIzUOw+nCIeH24SQhghDSPw==",
        "dependencies": {
          "System.Memory": "4.5.3"
        }
      },
      "System.Text.Json": {
        "type": "Transitive",
        "resolved": "4.6.0",
        "contentHash": "4F8Xe+JIkVoDJ8hDAZ7HqLkjctN/6WItJIzQaifBwClC7wmoLSda/Sv2i6i1kycqDb3hWF4JCVbpAweyOKHEUA==",
        "dependencies": {
          "Microsoft.Bcl.AsyncInterfaces": "1.0.0",
          "System.Buffers": "4.5.0",
          "System.Memory": "4.5.3",
          "System.Numerics.Vectors": "4.5.0",
          "System.Runtime.CompilerServices.Unsafe": "4.6.0",
          "System.Text.Encodings.Web": "4.6.0",
          "System.Threading.Tasks.Extensions": "4.5.2",
          "System.ValueTuple": "4.5.0"
        }
      },
      "System.Threading.Tasks.Extensions": {
        "type": "Transitive",
        "resolved": "4.5.4",
        "contentHash": "zteT+G8xuGu6mS+mzDzYXbzS7rd3K6Fjb9RiZlYlJPam2/hU7JCBZBVEcywNuR+oZ1ncTvc/cq0faRr3P01OVg==",
        "dependencies": {
          "System.Runtime.CompilerServices.Unsafe": "4.5.3"
        }
      },
      "System.ValueTuple": {
        "type": "Transitive",
        "resolved": "4.5.0",
        "contentHash": "okurQJO6NRE/apDIP23ajJ0hpiNmJ+f0BwOlB/cSqTLQlw5upkf+5+96+iG2Jw40G1fCVCyPz/FhIABUjMR+RQ=="
      },
      "WindowsAzure.Storage": {
        "type": "Transitive",
        "resolved": "7.2.1",
        "contentHash": "PWSqaIFaUvi2DgHeDotoRtv1new1m3jfwsb+T6nZfpVdYYIzyYUOFPBxJ0f8yHUq8C9Na8avNc08YsdgDIoTZg==",
        "dependencies": {
          "Microsoft.Azure.KeyVault.Core": "1.0.0",
          "Microsoft.Data.OData": "5.6.4",
          "Microsoft.Data.Services.Client": "5.6.4",
          "Newtonsoft.Json": "6.0.8"
        }
      },
      "xunit.abstractions": {
        "type": "Transitive",
        "resolved": "2.0.3",
        "contentHash": "pot1I4YOxlWjIb5jmwvvQNbTrZ3lJQ+jUGkGjWE3hEFM0l5gOnBWS+H3qsex68s5cO52g+44vpGzhAt+42vwKg=="
      },
      "xunit.analyzers": {
        "type": "Transitive",
        "resolved": "0.10.0",
        "contentHash": "4/IDFCJfIeg6bix9apmUtIMwvOsiwqdEexeO/R2D4GReIGPLIRODTpId/l4LRSrAJk9lEO3Zx1H0Zx6uohJDNg=="
      },
      "xunit.assert": {
        "type": "Transitive",
        "resolved": "2.4.1",
        "contentHash": "O/Oe0BS5RmSsM+LQOb041TzuPo5MdH2Rov+qXGS37X+KFG1Hxz7kopYklM5+1Y+tRGeXrOx5+Xne1RuqLFQoyQ=="
      },
      "xunit.core": {
        "type": "Transitive",
        "resolved": "2.4.1",
        "contentHash": "Zsj5OMU6JasNGERXZy8s72+pcheG6Q15atS5XpZXqAtULuyQiQ6XNnUsp1gyfC6WgqScqMvySiEHmHcOG6Eg0Q==",
        "dependencies": {
          "xunit.extensibility.core": "[2.4.1]",
          "xunit.extensibility.execution": "[2.4.1]"
        }
      },
      "xunit.extensibility.core": {
        "type": "Transitive",
        "resolved": "2.4.1",
        "contentHash": "yKZKm/8QNZnBnGZFD9SewkllHBiK0DThybQD/G4PiAmQjKtEZyHi6ET70QPU9KtSMJGRYS6Syk7EyR2EVDU4Kg==",
        "dependencies": {
          "xunit.abstractions": "2.0.3"
        }
      },
      "xunit.extensibility.execution": {
        "type": "Transitive",
        "resolved": "2.4.1",
        "contentHash": "7e/1jqBpcb7frLkB6XDrHCGXAbKN4Rtdb88epYxCSRQuZDRW8UtTfdTEVpdTl8s4T56e07hOBVd4G0OdCxIY2A==",
        "dependencies": {
          "xunit.extensibility.core": "[2.4.1]"
        }
      },
      "Microsoft.Azure.WebJobs.Extensions.DurableTask": {
        "type": "Project",
        "dependencies": {
          "Azure.Identity": "1.1.1",
          "Microsoft.AspNetCore.Mvc.WebApiCompatShim": "1.0.3",
          "Microsoft.AspNetCore.Routing": "1.0.3",
          "Microsoft.Azure.DurableTask.AzureStorage": "1.8.4",
          "Microsoft.Azure.WebJobs": "2.3.0",
          "Microsoft.Azure.WebJobs.Extensions.DurableTask.Analyzers": "0.4.0",
          "Microsoft.Extensions.Configuration.Abstractions": "1.0.2",
          "Microsoft.Extensions.Options": "1.0.2"
        }
      }
    }
  }
}