
Microsoft Visual Studio Solution File, Format Version 12.00
# Visual Studio Version 16
VisualStudioVersion = 16.0.31112.23
MinimumVisualStudioVersion = 10.0.40219.1
Project("{9A19103F-16F7-4668-BE54-9A1E7A4F7556}") = "DurableTask.Example", "DurableTask.Example\DurableTask.Example.csproj", "{330562EC-AE60-485E-B8C4-270BDD4066B4}"
EndProject
Global
	GlobalSection(SolutionConfigurationPlatforms) = preSolution
		Debug|Any CPU = Debug|Any CPU
		Release|Any CPU = Release|Any CPU
	EndGlobalSection
	GlobalSection(ProjectConfigurationPlatforms) = postSolution
		{330562EC-AE60-485E-B8C4-270BDD4066B4}.Debug|Any CPU.ActiveCfg = Debug|Any CPU
		{330562EC-AE60-485E-B8C4-270BDD4066B4}.Debug|Any CPU.Build.0 = Debug|Any CPU
		{330562EC-AE60-485E-B8C4-270BDD4066B4}.Release|Any CPU.ActiveCfg = Release|Any CPU
		{330562EC-AE60-485E-B8C4-270BDD4066B4}.Release|Any CPU.Build.0 = Release|Any CPU
	EndGlobalSection
	GlobalSection(SolutionProperties) = preSolution
		HideSolutionNode = FALSE
	EndGlobalSection
	GlobalSection(ExtensibilityGlobals) = postSolution
		SolutionGuid = {85B2CE4E-71FB-4198-9DD0-37CBA8BC35A0}
	EndGlobalSection
EndGlobal
