
Microsoft Visual Studio Solution File, Format Version 12.00
# Visual Studio 15
VisualStudioVersion = 15.0.28307.779
MinimumVisualStudioVersion = 10.0.40219.1
Project("{9A19103F-16F7-4668-BE54-9A1E7A4F7556}") = "WebJobs.Extensions.DurableTask.Analyzers", "WebJobs.Extensions.DurableTask.Analyzers.csproj", "{BB8AA94B-0967-424D-BC4A-6912942B9412}"
EndProject
Project("{FAE04EC0-301F-11D3-BF4B-00C04F79EFBC}") = "WebJobs.Extensions.DurableTask.Analyzers.Vsix", "..\WebJobs.Extensions.DurableTask.Analyzers.Vsix\WebJobs.Extensions.DurableTask.Analyzers.Vsix.csproj", "{40044F63-396E-4480-BEEE-B06908579402}"
EndProject
Project("{9A19103F-16F7-4668-BE54-9A1E7A4F7556}") = "WebJobs.Extensions.DurableTask.Analyzers.Test", "..\..\test\WebJobs.Extensions.DurableTask.Analyzers.Test\WebJobs.Extensions.DurableTask.Analyzers.Test.csproj", "{03EB5C8C-33D6-4914-8F8C-813FB81C15F0}"
EndProject
Global
	GlobalSection(SolutionConfigurationPlatforms) = preSolution
		Debug|Any CPU = Debug|Any CPU
		Release|Any CPU = Release|Any CPU
	EndGlobalSection
	GlobalSection(ProjectConfigurationPlatforms) = postSolution
		{BB8AA94B-0967-424D-BC4A-6912942B9412}.Debug|Any CPU.ActiveCfg = Debug|Any CPU
		{BB8AA94B-0967-424D-BC4A-6912942B9412}.Debug|Any CPU.Build.0 = Debug|Any CPU
		{BB8AA94B-0967-424D-BC4A-6912942B9412}.Release|Any CPU.ActiveCfg = Release|Any CPU
		{BB8AA94B-0967-424D-BC4A-6912942B9412}.Release|Any CPU.Build.0 = Release|Any CPU
		{40044F63-396E-4480-BEEE-B06908579402}.Debug|Any CPU.ActiveCfg = Debug|Any CPU
		{40044F63-396E-4480-BEEE-B06908579402}.Debug|Any CPU.Build.0 = Debug|Any CPU
		{40044F63-396E-4480-BEEE-B06908579402}.Release|Any CPU.ActiveCfg = Release|Any CPU
		{40044F63-396E-4480-BEEE-B06908579402}.Release|Any CPU.Build.0 = Release|Any CPU
		{03EB5C8C-33D6-4914-8F8C-813FB81C15F0}.Debug|Any CPU.ActiveCfg = Debug|Any CPU
		{03EB5C8C-33D6-4914-8F8C-813FB81C15F0}.Debug|Any CPU.Build.0 = Debug|Any CPU
		{03EB5C8C-33D6-4914-8F8C-813FB81C15F0}.Release|Any CPU.ActiveCfg = Release|Any CPU
		{03EB5C8C-33D6-4914-8F8C-813FB81C15F0}.Release|Any CPU.Build.0 = Release|Any CPU
		{129FA662-F006-45EA-833D-1F4F01C4B806}.Debug|Any CPU.ActiveCfg = Debug|Any CPU
		{129FA662-F006-45EA-833D-1F4F01C4B806}.Debug|Any CPU.Build.0 = Debug|Any CPU
		{129FA662-F006-45EA-833D-1F4F01C4B806}.Release|Any CPU.ActiveCfg = Release|Any CPU
		{129FA662-F006-45EA-833D-1F4F01C4B806}.Release|Any CPU.Build.0 = Release|Any CPU
	EndGlobalSection
	GlobalSection(SolutionProperties) = preSolution
		HideSolutionNode = FALSE
	EndGlobalSection
	GlobalSection(ExtensibilityGlobals) = postSolution
		SolutionGuid = {04E83E3C-6D05-4CE5-800E-7BCEDB6A9D61}
	EndGlobalSection
EndGlobal
