
Microsoft Visual Studio Solution File, Format Version 12.00
# Visual Studio 15
VisualStudioVersion = 15.0.26621.2
MinimumVisualStudioVersion = 10.0.40219.1
Project("{FAE04EC0-301F-11D3-BF4B-00C04F79EFBC}") = "VSSample", "VSSample.csproj", "{26A3BC30-C372-4545-9B82-F0D73A144254}"
EndProject
Project("{2150E333-8FDC-42A3-9474-1A3956D46DE8}") = ".nuget", ".nuget", "{B821107E-03E7-4071-A4E8-BA10C5D8D5EE}"
	ProjectSection(SolutionItems) = preProject
		.nuget\NuGet.Config = .nuget\NuGet.Config
	EndProjectSection
EndProject
Global
	GlobalSection(SolutionConfigurationPlatforms) = preSolution
		Debug|Any CPU = Debug|Any CPU
		Release|Any CPU = Release|Any CPU
	EndGlobalSection
	GlobalSection(ProjectConfigurationPlatforms) = postSolution
		{26A3BC30-C372-4545-9B82-F0D73A144254}.Debug|Any CPU.ActiveCfg = Debug|Any CPU
		{26A3BC30-C372-4545-9B82-F0D73A144254}.Debug|Any CPU.Build.0 = Debug|Any CPU
		{26A3BC30-C372-4545-9B82-F0D73A144254}.Release|Any CPU.ActiveCfg = Release|Any CPU
		{26A3BC30-C372-4545-9B82-F0D73A144254}.Release|Any CPU.Build.0 = Release|Any CPU
	EndGlobalSection
	GlobalSection(SolutionProperties) = preSolution
		HideSolutionNode = FALSE
	EndGlobalSection
	GlobalSection(ExtensibilityGlobals) = postSolution
		SolutionGuid = {6BF04DEE-2635-4548-BFFA-880DB1EA22CD}
	EndGlobalSection
EndGlobal
