
Microsoft Visual Studio Solution File, Format Version 12.00
# Visual Studio Version 16
VisualStudioVersion = 16.0.31205.134
MinimumVisualStudioVersion = 10.0.40219.1
Project("{9A19103F-16F7-4668-BE54-9A1E7A4F7556}") = "WebJobs.Extensions.DurableTask.CodeGen.SourceGenerator.Test", "..\..\test\WebJobs.Extensions.DurableTask.CodeGen.SourceGenerator.Test\WebJobs.Extensions.DurableTask.CodeGen.SourceGenerator.Test.csproj", "{C6E716C2-4793-4F18-9E58-63FD05E6B101}"
EndProject
Project("{9A19103F-16F7-4668-BE54-9A1E7A4F7556}") = "WebJobs.Extensions.DurableTask.CodeGen.SourceGenerator", "WebJobs.Extensions.DurableTask.CodeGen.SourceGenerator\WebJobs.Extensions.DurableTask.CodeGen.SourceGenerator.csproj", "{8BB2169D-4C0C-4673-83B3-B44375A90DF4}"
EndProject
Project("{9A19103F-16F7-4668-BE54-9A1E7A4F7556}") = "WebJobs.Extensions.DurableTask.Codegen.Example", "WebJobs.Extensions.DurableTask.CodeGen.Example\WebJobs.Extensions.DurableTask.Codegen.Example.csproj", "{6E7D1D11-2668-4716-BE9A-1996BB716287}"
EndProject
Project("{9A19103F-16F7-4668-BE54-9A1E7A4F7556}") = "WebJobs.Extensions.DurableTask.CodeGen.Example.Test", "..\..\test\WebJobs.Extensions.DurableTask.CodeGen.Example.Test\WebJobs.Extensions.DurableTask.CodeGen.Example.Test.csproj", "{F0914D7B-9803-4245-AF31-7161E23C47D7}"
EndProject
Global
	GlobalSection(SolutionConfigurationPlatforms) = preSolution
		Debug|Any CPU = Debug|Any CPU
		Release|Any CPU = Release|Any CPU
	EndGlobalSection
	GlobalSection(ProjectConfigurationPlatforms) = postSolution
		{C6E716C2-4793-4F18-9E58-63FD05E6B101}.Debug|Any CPU.ActiveCfg = Debug|Any CPU
		{C6E716C2-4793-4F18-9E58-63FD05E6B101}.Debug|Any CPU.Build.0 = Debug|Any CPU
		{C6E716C2-4793-4F18-9E58-63FD05E6B101}.Release|Any CPU.ActiveCfg = Release|Any CPU
		{C6E716C2-4793-4F18-9E58-63FD05E6B101}.Release|Any CPU.Build.0 = Release|Any CPU
		{8BB2169D-4C0C-4673-83B3-B44375A90DF4}.Debug|Any CPU.ActiveCfg = Debug|Any CPU
		{8BB2169D-4C0C-4673-83B3-B44375A90DF4}.Debug|Any CPU.Build.0 = Debug|Any CPU
		{8BB2169D-4C0C-4673-83B3-B44375A90DF4}.Release|Any CPU.ActiveCfg = Release|Any CPU
		{8BB2169D-4C0C-4673-83B3-B44375A90DF4}.Release|Any CPU.Build.0 = Release|Any CPU
		{6E7D1D11-2668-4716-BE9A-1996BB716287}.Debug|Any CPU.ActiveCfg = Debug|Any CPU
		{6E7D1D11-2668-4716-BE9A-1996BB716287}.Debug|Any CPU.Build.0 = Debug|Any CPU
		{6E7D1D11-2668-4716-BE9A-1996BB716287}.Release|Any CPU.ActiveCfg = Release|Any CPU
		{6E7D1D11-2668-4716-BE9A-1996BB716287}.Release|Any CPU.Build.0 = Release|Any CPU
		{F0914D7B-9803-4245-AF31-7161E23C47D7}.Debug|Any CPU.ActiveCfg = Debug|Any CPU
		{F0914D7B-9803-4245-AF31-7161E23C47D7}.Debug|Any CPU.Build.0 = Debug|Any CPU
		{F0914D7B-9803-4245-AF31-7161E23C47D7}.Release|Any CPU.ActiveCfg = Release|Any CPU
		{F0914D7B-9803-4245-AF31-7161E23C47D7}.Release|Any CPU.Build.0 = Release|Any CPU
	EndGlobalSection
	GlobalSection(SolutionProperties) = preSolution
		HideSolutionNode = FALSE
	EndGlobalSection
	GlobalSection(ExtensibilityGlobals) = postSolution
		SolutionGuid = {4247334F-22BD-40B1-9BEB-A59E2019722E}
	EndGlobalSection
EndGlobal
