
Microsoft Visual Studio Solution File, Format Version 12.00
# Visual Studio Version 16
VisualStudioVersion = 16.0.31112.23
MinimumVisualStudioVersion = 10.0.40219.1
Project("{9A19103F-16F7-4668-BE54-9A1E7A4F7556}") = "WebJobs.Extensions.DurableTask.CodeGeneration.SourceGenerator.Tests", "WebJobs.Extensions.DurableTask.CodeGeneration.SourceGenerator.Tests\WebJobs.Extensions.DurableTask.CodeGeneration.SourceGenerator.Tests.csproj", "{71159258-FA94-4735-B160-A58B9E0F63FC}"
EndProject
Project("{9A19103F-16F7-4668-BE54-9A1E7A4F7556}") = "WebJobs.Extensions.DurableTask.CodeGeneration.SourceGenerator", "WebJobs.Extensions.DurableTask.CodeGeneration.SourceGenerator\WebJobs.Extensions.DurableTask.CodeGeneration.SourceGenerator.csproj", "{2C7D9576-24B2-4485-BECB-CB8E89751800}"
EndProject
Project("{9A19103F-16F7-4668-BE54-9A1E7A4F7556}") = "WebJobs.Extensions.DurableTask.CodeGeneration.Example.Tests", "WebJobs.Extensions.DurableTask.CodeGeneration.Example.Tests\WebJobs.Extensions.DurableTask.CodeGeneration.Example.Tests.csproj", "{2080FFE7-8AF6-4F4C-9C7E-91CDEA20979F}"
EndProject
Project("{9A19103F-16F7-4668-BE54-9A1E7A4F7556}") = "WebJobs.Extensions.DurableTask.CodeGeneration.Example", "WebJobs.Extensions.DurableTask.CodeGeneration.Example\WebJobs.Extensions.DurableTask.CodeGeneration.Example.csproj", "{52BB262E-CE7D-4004-B2B7-8FE6ADA6F6E5}"
EndProject
Global
	GlobalSection(SolutionConfigurationPlatforms) = preSolution
		Debug|Any CPU = Debug|Any CPU
		Release|Any CPU = Release|Any CPU
	EndGlobalSection
	GlobalSection(ProjectConfigurationPlatforms) = postSolution
		{71159258-FA94-4735-B160-A58B9E0F63FC}.Debug|Any CPU.ActiveCfg = Debug|Any CPU
		{71159258-FA94-4735-B160-A58B9E0F63FC}.Debug|Any CPU.Build.0 = Debug|Any CPU
		{71159258-FA94-4735-B160-A58B9E0F63FC}.Release|Any CPU.ActiveCfg = Release|Any CPU
		{71159258-FA94-4735-B160-A58B9E0F63FC}.Release|Any CPU.Build.0 = Release|Any CPU
		{2C7D9576-24B2-4485-BECB-CB8E89751800}.Debug|Any CPU.ActiveCfg = Debug|Any CPU
		{2C7D9576-24B2-4485-BECB-CB8E89751800}.Debug|Any CPU.Build.0 = Debug|Any CPU
		{2C7D9576-24B2-4485-BECB-CB8E89751800}.Release|Any CPU.ActiveCfg = Release|Any CPU
		{2C7D9576-24B2-4485-BECB-CB8E89751800}.Release|Any CPU.Build.0 = Release|Any CPU
		{2080FFE7-8AF6-4F4C-9C7E-91CDEA20979F}.Debug|Any CPU.ActiveCfg = Debug|Any CPU
		{2080FFE7-8AF6-4F4C-9C7E-91CDEA20979F}.Debug|Any CPU.Build.0 = Debug|Any CPU
		{2080FFE7-8AF6-4F4C-9C7E-91CDEA20979F}.Release|Any CPU.ActiveCfg = Release|Any CPU
		{2080FFE7-8AF6-4F4C-9C7E-91CDEA20979F}.Release|Any CPU.Build.0 = Release|Any CPU
		{52BB262E-CE7D-4004-B2B7-8FE6ADA6F6E5}.Debug|Any CPU.ActiveCfg = Debug|Any CPU
		{52BB262E-CE7D-4004-B2B7-8FE6ADA6F6E5}.Debug|Any CPU.Build.0 = Debug|Any CPU
		{52BB262E-CE7D-4004-B2B7-8FE6ADA6F6E5}.Release|Any CPU.ActiveCfg = Release|Any CPU
		{52BB262E-CE7D-4004-B2B7-8FE6ADA6F6E5}.Release|Any CPU.Build.0 = Release|Any CPU
	EndGlobalSection
	GlobalSection(SolutionProperties) = preSolution
		HideSolutionNode = FALSE
	EndGlobalSection
	GlobalSection(ExtensibilityGlobals) = postSolution
		SolutionGuid = {4F743CFF-2F19-4E53-A9B7-10F88D98E875}
	EndGlobalSection
EndGlobal
