
Microsoft Visual Studio Solution File, Format Version 12.00
# Visual Studio 15
VisualStudioVersion = 15.0.27130.2010
MinimumVisualStudioVersion = 10.0.40219.1
Project("{9A19103F-16F7-4668-BE54-9A1E7A4F7556}") = "VSSample", "VSSample.csproj", "{26A3BC30-C372-4545-9B82-F0D73A144254}"
EndProject
Project("{FAE04EC0-301F-11D3-BF4B-00C04F79EFBC}") = "VSSample.Tests", "..\VSSample.Tests\VSSample.Tests.csproj", "{96DD96DB-1720-43D1-B1AB-719F31B94E12}"
EndProject
Global
	GlobalSection(SolutionConfigurationPlatforms) = preSolution
		Debug|Any CPU = Debug|Any CPU
		Release|Any CPU = Release|Any CPU
	EndGlobalSection
	GlobalSection(ProjectConfigurationPlatforms) = postSolution
		{26A3BC30-C372-4545-9B82-F0D73A144254}.Debug|Any CPU.ActiveCfg = Debug|Any CPU
		{26A3BC30-C372-4545-9B82-F0D73A144254}.Debug|Any CPU.Build.0 = Debug|Any CPU
		{26A3BC30-C372-4545-9B82-F0D73A144254}.Release|Any CPU.ActiveCfg = Release|Any CPU
		{26A3BC30-C372-4545-9B82-F0D73A144254}.Release|Any CPU.Build.0 = Release|Any CPU
		{96DD96DB-1720-43D1-B1AB-719F31B94E12}.Debug|Any CPU.ActiveCfg = Debug|Any CPU
		{96DD96DB-1720-43D1-B1AB-719F31B94E12}.Debug|Any CPU.Build.0 = Debug|Any CPU
		{96DD96DB-1720-43D1-B1AB-719F31B94E12}.Release|Any CPU.ActiveCfg = Release|Any CPU
		{96DD96DB-1720-43D1-B1AB-719F31B94E12}.Release|Any CPU.Build.0 = Release|Any CPU
	EndGlobalSection
	GlobalSection(SolutionProperties) = preSolution
		HideSolutionNode = FALSE
	EndGlobalSection
	GlobalSection(ExtensibilityGlobals) = postSolution
		SolutionGuid = {6BF04DEE-2635-4548-BFFA-880DB1EA22CD}
	EndGlobalSection
EndGlobal
